
Microsoft Visual Studio Solution File, Format Version 12.00
# Visual Studio Version 17
VisualStudioVersion = 17.4.33122.133
MinimumVisualStudioVersion = 10.0.40219.1
Project("{FAE04EC0-301F-11D3-BF4B-00C04F79EFBC}") = "Lesson_5.Claswork", "Lesson_5.Claswork\Lesson_5.Claswork.csproj", "{A3C16908-A0D1-4864-A220-D1FE95434A45}"
EndProject
Project("{FAE04EC0-301F-11D3-BF4B-00C04F79EFBC}") = "Lesson_5.Homework", "Lesson_5.Homework\Lesson_5.Homework.csproj", "{ECE0E8CD-CFA5-48D9-A431-8A58654738C9}"
EndProject
Global
	GlobalSection(SolutionConfigurationPlatforms) = preSolution
		Debug|Any CPU = Debug|Any CPU
		Release|Any CPU = Release|Any CPU
	EndGlobalSection
	GlobalSection(ProjectConfigurationPlatforms) = postSolution
		{A3C16908-A0D1-4864-A220-D1FE95434A45}.Debug|Any CPU.ActiveCfg = Debug|Any CPU
		{A3C16908-A0D1-4864-A220-D1FE95434A45}.Debug|Any CPU.Build.0 = Debug|Any CPU
		{A3C16908-A0D1-4864-A220-D1FE95434A45}.Release|Any CPU.ActiveCfg = Release|Any CPU
		{A3C16908-A0D1-4864-A220-D1FE95434A45}.Release|Any CPU.Build.0 = Release|Any CPU
		{ECE0E8CD-CFA5-48D9-A431-8A58654738C9}.Debug|Any CPU.ActiveCfg = Debug|Any CPU
		{ECE0E8CD-CFA5-48D9-A431-8A58654738C9}.Debug|Any CPU.Build.0 = Debug|Any CPU
		{ECE0E8CD-CFA5-48D9-A431-8A58654738C9}.Release|Any CPU.ActiveCfg = Release|Any CPU
		{ECE0E8CD-CFA5-48D9-A431-8A58654738C9}.Release|Any CPU.Build.0 = Release|Any CPU
	EndGlobalSection
	GlobalSection(SolutionProperties) = preSolution
		HideSolutionNode = FALSE
	EndGlobalSection
	GlobalSection(ExtensibilityGlobals) = postSolution
		SolutionGuid = {2FBF9BB9-956D-4097-9BE1-0BCB78EB9E18}
	EndGlobalSection
EndGlobal
