
Microsoft Visual Studio Solution File, Format Version 12.00
# Visual Studio Version 17
VisualStudioVersion = 17.4.33122.133
MinimumVisualStudioVersion = 10.0.40219.1
Project("{FAE04EC0-301F-11D3-BF4B-00C04F79EFBC}") = "Lesson_34", "Lesson_34\Lesson_34.csproj", "{40926009-FE84-4DE8-939D-2D8803E31C7E}"
EndProject
Global
	GlobalSection(SolutionConfigurationPlatforms) = preSolution
		Debug|Any CPU = Debug|Any CPU
		Release|Any CPU = Release|Any CPU
	EndGlobalSection
	GlobalSection(ProjectConfigurationPlatforms) = postSolution
		{40926009-FE84-4DE8-939D-2D8803E31C7E}.Debug|Any CPU.ActiveCfg = Debug|Any CPU
		{40926009-FE84-4DE8-939D-2D8803E31C7E}.Debug|Any CPU.Build.0 = Debug|Any CPU
		{40926009-FE84-4DE8-939D-2D8803E31C7E}.Release|Any CPU.ActiveCfg = Release|Any CPU
		{40926009-FE84-4DE8-939D-2D8803E31C7E}.Release|Any CPU.Build.0 = Release|Any CPU
	EndGlobalSection
	GlobalSection(SolutionProperties) = preSolution
		HideSolutionNode = FALSE
	EndGlobalSection
	GlobalSection(ExtensibilityGlobals) = postSolution
		SolutionGuid = {68118306-E619-4DC7-B488-22576959ED39}
	EndGlobalSection
EndGlobal
