
Microsoft Visual Studio Solution File, Format Version 12.00
# Visual Studio Version 17
VisualStudioVersion = 17.4.33205.214
MinimumVisualStudioVersion = 10.0.40219.1
Project("{9A19103F-16F7-4668-BE54-9A1E7A4F7556}") = "Lesson13.Homework", "Lesson13.Homework\Lesson13.Homework.csproj", "{1691EE89-D346-437D-BDDB-27932FA04943}"
EndProject
Project("{FAE04EC0-301F-11D3-BF4B-00C04F79EFBC}") = "Lesson13.Game", "Lesson13.Game\Lesson13.Game.csproj", "{7D91FEB3-BFC3-4693-9558-1A85EDC3850F}"
EndProject
Global
	GlobalSection(SolutionConfigurationPlatforms) = preSolution
		Debug|Any CPU = Debug|Any CPU
		Release|Any CPU = Release|Any CPU
	EndGlobalSection
	GlobalSection(ProjectConfigurationPlatforms) = postSolution
		{1691EE89-D346-437D-BDDB-27932FA04943}.Debug|Any CPU.ActiveCfg = Debug|Any CPU
		{1691EE89-D346-437D-BDDB-27932FA04943}.Debug|Any CPU.Build.0 = Debug|Any CPU
		{1691EE89-D346-437D-BDDB-27932FA04943}.Release|Any CPU.ActiveCfg = Release|Any CPU
		{1691EE89-D346-437D-BDDB-27932FA04943}.Release|Any CPU.Build.0 = Release|Any CPU
		{7D91FEB3-BFC3-4693-9558-1A85EDC3850F}.Debug|Any CPU.ActiveCfg = Debug|Any CPU
		{7D91FEB3-BFC3-4693-9558-1A85EDC3850F}.Debug|Any CPU.Build.0 = Debug|Any CPU
		{7D91FEB3-BFC3-4693-9558-1A85EDC3850F}.Release|Any CPU.ActiveCfg = Release|Any CPU
		{7D91FEB3-BFC3-4693-9558-1A85EDC3850F}.Release|Any CPU.Build.0 = Release|Any CPU
	EndGlobalSection
	GlobalSection(SolutionProperties) = preSolution
		HideSolutionNode = FALSE
	EndGlobalSection
	GlobalSection(ExtensibilityGlobals) = postSolution
		SolutionGuid = {DDC1C441-92BF-4451-8E92-6C3B49C947DD}
	EndGlobalSection
EndGlobal
