
Microsoft Visual Studio Solution File, Format Version 12.00
# Visual Studio Version 17
VisualStudioVersion = 17.4.33122.133
MinimumVisualStudioVersion = 10.0.40219.1
Project("{FAE04EC0-301F-11D3-BF4B-00C04F79EFBC}") = "Lesson_13.Homework", "Lesson_13.Homework\Lesson_13.Homework.csproj", "{2D62150F-ECE8-45EC-B196-F9D8F27A8E24}"
EndProject
Global
	GlobalSection(SolutionConfigurationPlatforms) = preSolution
		Debug|Any CPU = Debug|Any CPU
		Release|Any CPU = Release|Any CPU
	EndGlobalSection
	GlobalSection(ProjectConfigurationPlatforms) = postSolution
		{2D62150F-ECE8-45EC-B196-F9D8F27A8E24}.Debug|Any CPU.ActiveCfg = Debug|Any CPU
		{2D62150F-ECE8-45EC-B196-F9D8F27A8E24}.Debug|Any CPU.Build.0 = Debug|Any CPU
		{2D62150F-ECE8-45EC-B196-F9D8F27A8E24}.Release|Any CPU.ActiveCfg = Release|Any CPU
		{2D62150F-ECE8-45EC-B196-F9D8F27A8E24}.Release|Any CPU.Build.0 = Release|Any CPU
	EndGlobalSection
	GlobalSection(SolutionProperties) = preSolution
		HideSolutionNode = FALSE
	EndGlobalSection
	GlobalSection(ExtensibilityGlobals) = postSolution
		SolutionGuid = {54709283-46C8-455B-B575-F7BBD4A86E02}
	EndGlobalSection
EndGlobal
