
Microsoft Visual Studio Solution File, Format Version 12.00
# Visual Studio Version 17
VisualStudioVersion = 17.0.32112.339
MinimumVisualStudioVersion = 10.0.40219.1
Project("{FAE04EC0-301F-11D3-BF4B-00C04F79EFBC}") = "Lesson15.HomeWork", "Lesson15.HomeWork\Lesson15.HomeWork.csproj", "{D814B034-4AF6-40C0-A4FB-09869629F446}"
EndProject
Global
	GlobalSection(SolutionConfigurationPlatforms) = preSolution
		Debug|Any CPU = Debug|Any CPU
		Release|Any CPU = Release|Any CPU
	EndGlobalSection
	GlobalSection(ProjectConfigurationPlatforms) = postSolution
		{D814B034-4AF6-40C0-A4FB-09869629F446}.Debug|Any CPU.ActiveCfg = Debug|Any CPU
		{D814B034-4AF6-40C0-A4FB-09869629F446}.Debug|Any CPU.Build.0 = Debug|Any CPU
		{D814B034-4AF6-40C0-A4FB-09869629F446}.Release|Any CPU.ActiveCfg = Release|Any CPU
		{D814B034-4AF6-40C0-A4FB-09869629F446}.Release|Any CPU.Build.0 = Release|Any CPU
	EndGlobalSection
	GlobalSection(SolutionProperties) = preSolution
		HideSolutionNode = FALSE
	EndGlobalSection
	GlobalSection(ExtensibilityGlobals) = postSolution
		SolutionGuid = {35EF4F8D-82EC-4F12-B590-3F22CF83E8DB}
	EndGlobalSection
EndGlobal
