
Microsoft Visual Studio Solution File, Format Version 12.00
# Visual Studio Version 17
VisualStudioVersion = 17.4.33122.133
MinimumVisualStudioVersion = 10.0.40219.1
Project("{FAE04EC0-301F-11D3-BF4B-00C04F79EFBC}") = "Lesson3.Homework", "Lesson3.Homework\Lesson3.Homework.csproj", "{AA2E8DF9-4917-47E1-A61B-EC52069FE231}"
EndProject
Project("{FAE04EC0-301F-11D3-BF4B-00C04F79EFBC}") = "Lesson3.Game", "Lesson3.Game\Lesson3.Game.csproj", "{D00732B5-5B57-4C27-94D6-A311545FC49C}"
EndProject
Global
	GlobalSection(SolutionConfigurationPlatforms) = preSolution
		Debug|Any CPU = Debug|Any CPU
		Release|Any CPU = Release|Any CPU
	EndGlobalSection
	GlobalSection(ProjectConfigurationPlatforms) = postSolution
		{AA2E8DF9-4917-47E1-A61B-EC52069FE231}.Debug|Any CPU.ActiveCfg = Debug|Any CPU
		{AA2E8DF9-4917-47E1-A61B-EC52069FE231}.Debug|Any CPU.Build.0 = Debug|Any CPU
		{AA2E8DF9-4917-47E1-A61B-EC52069FE231}.Release|Any CPU.ActiveCfg = Release|Any CPU
		{AA2E8DF9-4917-47E1-A61B-EC52069FE231}.Release|Any CPU.Build.0 = Release|Any CPU
		{D00732B5-5B57-4C27-94D6-A311545FC49C}.Debug|Any CPU.ActiveCfg = Debug|Any CPU
		{D00732B5-5B57-4C27-94D6-A311545FC49C}.Debug|Any CPU.Build.0 = Debug|Any CPU
		{D00732B5-5B57-4C27-94D6-A311545FC49C}.Release|Any CPU.ActiveCfg = Release|Any CPU
		{D00732B5-5B57-4C27-94D6-A311545FC49C}.Release|Any CPU.Build.0 = Release|Any CPU
	EndGlobalSection
	GlobalSection(SolutionProperties) = preSolution
		HideSolutionNode = FALSE
	EndGlobalSection
	GlobalSection(ExtensibilityGlobals) = postSolution
		SolutionGuid = {0F146091-1ADA-40CD-A607-059D0C4FA5C5}
	EndGlobalSection
EndGlobal
