
Microsoft Visual Studio Solution File, Format Version 12.00
# Visual Studio Version 17
VisualStudioVersion = 17.4.33122.133
MinimumVisualStudioVersion = 10.0.40219.1
Project("{9A19103F-16F7-4668-BE54-9A1E7A4F7556}") = "Lesson6.ClassWork", "Lesson6.ClassWork\Lesson6.ClassWork.csproj", "{1CAD78F8-163D-4352-A451-875035D9F527}"
EndProject
Project("{FAE04EC0-301F-11D3-BF4B-00C04F79EFBC}") = "Lesson6.HomeWork", "Lesson6.HomeWork\Lesson6.HomeWork.csproj", "{D261D372-7441-4376-A0C3-94C1B39BD6BF}"
EndProject
Global
	GlobalSection(SolutionConfigurationPlatforms) = preSolution
		Debug|Any CPU = Debug|Any CPU
		Release|Any CPU = Release|Any CPU
	EndGlobalSection
	GlobalSection(ProjectConfigurationPlatforms) = postSolution
		{1CAD78F8-163D-4352-A451-875035D9F527}.Debug|Any CPU.ActiveCfg = Debug|Any CPU
		{1CAD78F8-163D-4352-A451-875035D9F527}.Debug|Any CPU.Build.0 = Debug|Any CPU
		{1CAD78F8-163D-4352-A451-875035D9F527}.Release|Any CPU.ActiveCfg = Release|Any CPU
		{1CAD78F8-163D-4352-A451-875035D9F527}.Release|Any CPU.Build.0 = Release|Any CPU
		{D261D372-7441-4376-A0C3-94C1B39BD6BF}.Debug|Any CPU.ActiveCfg = Debug|Any CPU
		{D261D372-7441-4376-A0C3-94C1B39BD6BF}.Debug|Any CPU.Build.0 = Debug|Any CPU
		{D261D372-7441-4376-A0C3-94C1B39BD6BF}.Release|Any CPU.ActiveCfg = Release|Any CPU
		{D261D372-7441-4376-A0C3-94C1B39BD6BF}.Release|Any CPU.Build.0 = Release|Any CPU
	EndGlobalSection
	GlobalSection(SolutionProperties) = preSolution
		HideSolutionNode = FALSE
	EndGlobalSection
	GlobalSection(ExtensibilityGlobals) = postSolution
		SolutionGuid = {8FA4EF39-2C21-4886-A11E-478685E64ACA}
	EndGlobalSection
EndGlobal
