
Microsoft Visual Studio Solution File, Format Version 12.00
# Visual Studio Version 17
VisualStudioVersion = 17.4.33122.133
MinimumVisualStudioVersion = 10.0.40219.1
Project("{FAE04EC0-301F-11D3-BF4B-00C04F79EFBC}") = "Homework7", "Homework7.csproj", "{02D52A72-8C78-4375-B5FB-C7987685849C}"
EndProject
Global
	GlobalSection(SolutionConfigurationPlatforms) = preSolution
		Debug|Any CPU = Debug|Any CPU
		Release|Any CPU = Release|Any CPU
	EndGlobalSection
	GlobalSection(ProjectConfigurationPlatforms) = postSolution
		{02D52A72-8C78-4375-B5FB-C7987685849C}.Debug|Any CPU.ActiveCfg = Debug|Any CPU
		{02D52A72-8C78-4375-B5FB-C7987685849C}.Debug|Any CPU.Build.0 = Debug|Any CPU
		{02D52A72-8C78-4375-B5FB-C7987685849C}.Release|Any CPU.ActiveCfg = Release|Any CPU
		{02D52A72-8C78-4375-B5FB-C7987685849C}.Release|Any CPU.Build.0 = Release|Any CPU
	EndGlobalSection
	GlobalSection(SolutionProperties) = preSolution
		HideSolutionNode = FALSE
	EndGlobalSection
	GlobalSection(ExtensibilityGlobals) = postSolution
		SolutionGuid = {E59ED395-C9DF-4CBC-BA45-E098C8A2514D}
	EndGlobalSection
EndGlobal
