
Microsoft Visual Studio Solution File, Format Version 12.00
# Visual Studio Version 17
VisualStudioVersion = 17.5.33424.131
MinimumVisualStudioVersion = 10.0.40219.1
Project("{9A19103F-16F7-4668-BE54-9A1E7A4F7556}") = "ExchangeMarket", "ExchangeMarket.csproj", "{FA4858B8-1D0A-4AF8-9D68-ABC3E3B04174}"
EndProject
Project("{9A19103F-16F7-4668-BE54-9A1E7A4F7556}") = "DAL", "..\DAL\DAL.csproj", "{B19E66D4-CC3B-4575-B1E7-F92CEECE91EB}"
EndProject
Project("{9A19103F-16F7-4668-BE54-9A1E7A4F7556}") = "BAL", "..\BAL\BAL.csproj", "{64007925-F1A2-466E-8C98-F3D1C415CCE6}"
EndProject
Project("{9A19103F-16F7-4668-BE54-9A1E7A4F7556}") = "Contracts", "..\Contracts\Contracts.csproj", "{23713CB4-2919-47B2-BD9A-EABDD8689B7A}"
EndProject
Project("{9A19103F-16F7-4668-BE54-9A1E7A4F7556}") = "XUnitTests", "..\XUnitTests\XUnitTests.csproj", "{1CF6365B-F1E3-47AC-94B1-4E8585F8EA68}"
EndProject
Project("{9A19103F-16F7-4668-BE54-9A1E7A4F7556}") = "MyHealthChecks", "..\HealthChecks\MyHealthChecks.csproj", "{F14D5BAB-711A-4766-AFC2-DC240A0EAFDB}"
EndProject
Global
	GlobalSection(SolutionConfigurationPlatforms) = preSolution
		Debug|Any CPU = Debug|Any CPU
		Debug|ARM = Debug|ARM
		Debug|ARM64 = Debug|ARM64
		Debug|x64 = Debug|x64
		Debug|x86 = Debug|x86
		Release|Any CPU = Release|Any CPU
		Release|ARM = Release|ARM
		Release|ARM64 = Release|ARM64
		Release|x64 = Release|x64
		Release|x86 = Release|x86
	EndGlobalSection
	GlobalSection(ProjectConfigurationPlatforms) = postSolution
		{FA4858B8-1D0A-4AF8-9D68-ABC3E3B04174}.Debug|Any CPU.ActiveCfg = Debug|Any CPU
		{FA4858B8-1D0A-4AF8-9D68-ABC3E3B04174}.Debug|Any CPU.Build.0 = Debug|Any CPU
		{FA4858B8-1D0A-4AF8-9D68-ABC3E3B04174}.Debug|ARM.ActiveCfg = Debug|Any CPU
		{FA4858B8-1D0A-4AF8-9D68-ABC3E3B04174}.Debug|ARM.Build.0 = Debug|Any CPU
		{FA4858B8-1D0A-4AF8-9D68-ABC3E3B04174}.Debug|ARM64.ActiveCfg = Debug|Any CPU
		{FA4858B8-1D0A-4AF8-9D68-ABC3E3B04174}.Debug|ARM64.Build.0 = Debug|Any CPU
		{FA4858B8-1D0A-4AF8-9D68-ABC3E3B04174}.Debug|x64.ActiveCfg = Debug|Any CPU
		{FA4858B8-1D0A-4AF8-9D68-ABC3E3B04174}.Debug|x64.Build.0 = Debug|Any CPU
		{FA4858B8-1D0A-4AF8-9D68-ABC3E3B04174}.Debug|x86.ActiveCfg = Debug|Any CPU
		{FA4858B8-1D0A-4AF8-9D68-ABC3E3B04174}.Debug|x86.Build.0 = Debug|Any CPU
		{FA4858B8-1D0A-4AF8-9D68-ABC3E3B04174}.Release|Any CPU.ActiveCfg = Release|Any CPU
		{FA4858B8-1D0A-4AF8-9D68-ABC3E3B04174}.Release|Any CPU.Build.0 = Release|Any CPU
		{FA4858B8-1D0A-4AF8-9D68-ABC3E3B04174}.Release|ARM.ActiveCfg = Release|Any CPU
		{FA4858B8-1D0A-4AF8-9D68-ABC3E3B04174}.Release|ARM.Build.0 = Release|Any CPU
		{FA4858B8-1D0A-4AF8-9D68-ABC3E3B04174}.Release|ARM64.ActiveCfg = Release|Any CPU
		{FA4858B8-1D0A-4AF8-9D68-ABC3E3B04174}.Release|ARM64.Build.0 = Release|Any CPU
		{FA4858B8-1D0A-4AF8-9D68-ABC3E3B04174}.Release|x64.ActiveCfg = Release|Any CPU
		{FA4858B8-1D0A-4AF8-9D68-ABC3E3B04174}.Release|x64.Build.0 = Release|Any CPU
		{FA4858B8-1D0A-4AF8-9D68-ABC3E3B04174}.Release|x86.ActiveCfg = Release|Any CPU
		{FA4858B8-1D0A-4AF8-9D68-ABC3E3B04174}.Release|x86.Build.0 = Release|Any CPU
		{B19E66D4-CC3B-4575-B1E7-F92CEECE91EB}.Debug|Any CPU.ActiveCfg = Debug|Any CPU
		{B19E66D4-CC3B-4575-B1E7-F92CEECE91EB}.Debug|Any CPU.Build.0 = Debug|Any CPU
		{B19E66D4-CC3B-4575-B1E7-F92CEECE91EB}.Debug|ARM.ActiveCfg = Debug|Any CPU
		{B19E66D4-CC3B-4575-B1E7-F92CEECE91EB}.Debug|ARM.Build.0 = Debug|Any CPU
		{B19E66D4-CC3B-4575-B1E7-F92CEECE91EB}.Debug|ARM64.ActiveCfg = Debug|Any CPU
		{B19E66D4-CC3B-4575-B1E7-F92CEECE91EB}.Debug|ARM64.Build.0 = Debug|Any CPU
		{B19E66D4-CC3B-4575-B1E7-F92CEECE91EB}.Debug|x64.ActiveCfg = Debug|Any CPU
		{B19E66D4-CC3B-4575-B1E7-F92CEECE91EB}.Debug|x64.Build.0 = Debug|Any CPU
		{B19E66D4-CC3B-4575-B1E7-F92CEECE91EB}.Debug|x86.ActiveCfg = Debug|Any CPU
		{B19E66D4-CC3B-4575-B1E7-F92CEECE91EB}.Debug|x86.Build.0 = Debug|Any CPU
		{B19E66D4-CC3B-4575-B1E7-F92CEECE91EB}.Release|Any CPU.ActiveCfg = Release|Any CPU
		{B19E66D4-CC3B-4575-B1E7-F92CEECE91EB}.Release|Any CPU.Build.0 = Release|Any CPU
		{B19E66D4-CC3B-4575-B1E7-F92CEECE91EB}.Release|ARM.ActiveCfg = Release|Any CPU
		{B19E66D4-CC3B-4575-B1E7-F92CEECE91EB}.Release|ARM.Build.0 = Release|Any CPU
		{B19E66D4-CC3B-4575-B1E7-F92CEECE91EB}.Release|ARM64.ActiveCfg = Release|Any CPU
		{B19E66D4-CC3B-4575-B1E7-F92CEECE91EB}.Release|ARM64.Build.0 = Release|Any CPU
		{B19E66D4-CC3B-4575-B1E7-F92CEECE91EB}.Release|x64.ActiveCfg = Release|Any CPU
		{B19E66D4-CC3B-4575-B1E7-F92CEECE91EB}.Release|x64.Build.0 = Release|Any CPU
		{B19E66D4-CC3B-4575-B1E7-F92CEECE91EB}.Release|x86.ActiveCfg = Release|Any CPU
		{B19E66D4-CC3B-4575-B1E7-F92CEECE91EB}.Release|x86.Build.0 = Release|Any CPU
		{64007925-F1A2-466E-8C98-F3D1C415CCE6}.Debug|Any CPU.ActiveCfg = Debug|Any CPU
		{64007925-F1A2-466E-8C98-F3D1C415CCE6}.Debug|Any CPU.Build.0 = Debug|Any CPU
		{64007925-F1A2-466E-8C98-F3D1C415CCE6}.Debug|ARM.ActiveCfg = Debug|Any CPU
		{64007925-F1A2-466E-8C98-F3D1C415CCE6}.Debug|ARM.Build.0 = Debug|Any CPU
		{64007925-F1A2-466E-8C98-F3D1C415CCE6}.Debug|ARM64.ActiveCfg = Debug|Any CPU
		{64007925-F1A2-466E-8C98-F3D1C415CCE6}.Debug|ARM64.Build.0 = Debug|Any CPU
		{64007925-F1A2-466E-8C98-F3D1C415CCE6}.Debug|x64.ActiveCfg = Debug|Any CPU
		{64007925-F1A2-466E-8C98-F3D1C415CCE6}.Debug|x64.Build.0 = Debug|Any CPU
		{64007925-F1A2-466E-8C98-F3D1C415CCE6}.Debug|x86.ActiveCfg = Debug|Any CPU
		{64007925-F1A2-466E-8C98-F3D1C415CCE6}.Debug|x86.Build.0 = Debug|Any CPU
		{64007925-F1A2-466E-8C98-F3D1C415CCE6}.Release|Any CPU.ActiveCfg = Release|Any CPU
		{64007925-F1A2-466E-8C98-F3D1C415CCE6}.Release|Any CPU.Build.0 = Release|Any CPU
		{64007925-F1A2-466E-8C98-F3D1C415CCE6}.Release|ARM.ActiveCfg = Release|Any CPU
		{64007925-F1A2-466E-8C98-F3D1C415CCE6}.Release|ARM.Build.0 = Release|Any CPU
		{64007925-F1A2-466E-8C98-F3D1C415CCE6}.Release|ARM64.ActiveCfg = Release|Any CPU
		{64007925-F1A2-466E-8C98-F3D1C415CCE6}.Release|ARM64.Build.0 = Release|Any CPU
		{64007925-F1A2-466E-8C98-F3D1C415CCE6}.Release|x64.ActiveCfg = Release|Any CPU
		{64007925-F1A2-466E-8C98-F3D1C415CCE6}.Release|x64.Build.0 = Release|Any CPU
		{64007925-F1A2-466E-8C98-F3D1C415CCE6}.Release|x86.ActiveCfg = Release|Any CPU
		{64007925-F1A2-466E-8C98-F3D1C415CCE6}.Release|x86.Build.0 = Release|Any CPU
		{23713CB4-2919-47B2-BD9A-EABDD8689B7A}.Debug|Any CPU.ActiveCfg = Debug|Any CPU
		{23713CB4-2919-47B2-BD9A-EABDD8689B7A}.Debug|Any CPU.Build.0 = Debug|Any CPU
		{23713CB4-2919-47B2-BD9A-EABDD8689B7A}.Debug|ARM.ActiveCfg = Debug|Any CPU
		{23713CB4-2919-47B2-BD9A-EABDD8689B7A}.Debug|ARM.Build.0 = Debug|Any CPU
		{23713CB4-2919-47B2-BD9A-EABDD8689B7A}.Debug|ARM64.ActiveCfg = Debug|Any CPU
		{23713CB4-2919-47B2-BD9A-EABDD8689B7A}.Debug|ARM64.Build.0 = Debug|Any CPU
		{23713CB4-2919-47B2-BD9A-EABDD8689B7A}.Debug|x64.ActiveCfg = Debug|Any CPU
		{23713CB4-2919-47B2-BD9A-EABDD8689B7A}.Debug|x64.Build.0 = Debug|Any CPU
		{23713CB4-2919-47B2-BD9A-EABDD8689B7A}.Debug|x86.ActiveCfg = Debug|Any CPU
		{23713CB4-2919-47B2-BD9A-EABDD8689B7A}.Debug|x86.Build.0 = Debug|Any CPU
		{23713CB4-2919-47B2-BD9A-EABDD8689B7A}.Release|Any CPU.ActiveCfg = Release|Any CPU
		{23713CB4-2919-47B2-BD9A-EABDD8689B7A}.Release|Any CPU.Build.0 = Release|Any CPU
		{23713CB4-2919-47B2-BD9A-EABDD8689B7A}.Release|ARM.ActiveCfg = Release|Any CPU
		{23713CB4-2919-47B2-BD9A-EABDD8689B7A}.Release|ARM.Build.0 = Release|Any CPU
		{23713CB4-2919-47B2-BD9A-EABDD8689B7A}.Release|ARM64.ActiveCfg = Release|Any CPU
		{23713CB4-2919-47B2-BD9A-EABDD8689B7A}.Release|ARM64.Build.0 = Release|Any CPU
		{23713CB4-2919-47B2-BD9A-EABDD8689B7A}.Release|x64.ActiveCfg = Release|Any CPU
		{23713CB4-2919-47B2-BD9A-EABDD8689B7A}.Release|x64.Build.0 = Release|Any CPU
		{23713CB4-2919-47B2-BD9A-EABDD8689B7A}.Release|x86.ActiveCfg = Release|Any CPU
		{23713CB4-2919-47B2-BD9A-EABDD8689B7A}.Release|x86.Build.0 = Release|Any CPU
		{1CF6365B-F1E3-47AC-94B1-4E8585F8EA68}.Debug|Any CPU.ActiveCfg = Debug|Any CPU
		{1CF6365B-F1E3-47AC-94B1-4E8585F8EA68}.Debug|Any CPU.Build.0 = Debug|Any CPU
		{1CF6365B-F1E3-47AC-94B1-4E8585F8EA68}.Debug|ARM.ActiveCfg = Debug|Any CPU
		{1CF6365B-F1E3-47AC-94B1-4E8585F8EA68}.Debug|ARM.Build.0 = Debug|Any CPU
		{1CF6365B-F1E3-47AC-94B1-4E8585F8EA68}.Debug|ARM64.ActiveCfg = Debug|Any CPU
		{1CF6365B-F1E3-47AC-94B1-4E8585F8EA68}.Debug|ARM64.Build.0 = Debug|Any CPU
		{1CF6365B-F1E3-47AC-94B1-4E8585F8EA68}.Debug|x64.ActiveCfg = Debug|Any CPU
		{1CF6365B-F1E3-47AC-94B1-4E8585F8EA68}.Debug|x64.Build.0 = Debug|Any CPU
		{1CF6365B-F1E3-47AC-94B1-4E8585F8EA68}.Debug|x86.ActiveCfg = Debug|Any CPU
		{1CF6365B-F1E3-47AC-94B1-4E8585F8EA68}.Debug|x86.Build.0 = Debug|Any CPU
		{1CF6365B-F1E3-47AC-94B1-4E8585F8EA68}.Release|Any CPU.ActiveCfg = Release|Any CPU
		{1CF6365B-F1E3-47AC-94B1-4E8585F8EA68}.Release|Any CPU.Build.0 = Release|Any CPU
		{1CF6365B-F1E3-47AC-94B1-4E8585F8EA68}.Release|ARM.ActiveCfg = Release|Any CPU
		{1CF6365B-F1E3-47AC-94B1-4E8585F8EA68}.Release|ARM.Build.0 = Release|Any CPU
		{1CF6365B-F1E3-47AC-94B1-4E8585F8EA68}.Release|ARM64.ActiveCfg = Release|Any CPU
		{1CF6365B-F1E3-47AC-94B1-4E8585F8EA68}.Release|ARM64.Build.0 = Release|Any CPU
		{1CF6365B-F1E3-47AC-94B1-4E8585F8EA68}.Release|x64.ActiveCfg = Release|Any CPU
		{1CF6365B-F1E3-47AC-94B1-4E8585F8EA68}.Release|x64.Build.0 = Release|Any CPU
		{1CF6365B-F1E3-47AC-94B1-4E8585F8EA68}.Release|x86.ActiveCfg = Release|Any CPU
		{1CF6365B-F1E3-47AC-94B1-4E8585F8EA68}.Release|x86.Build.0 = Release|Any CPU
		{F14D5BAB-711A-4766-AFC2-DC240A0EAFDB}.Debug|Any CPU.ActiveCfg = Debug|Any CPU
		{F14D5BAB-711A-4766-AFC2-DC240A0EAFDB}.Debug|Any CPU.Build.0 = Debug|Any CPU
		{F14D5BAB-711A-4766-AFC2-DC240A0EAFDB}.Debug|ARM.ActiveCfg = Debug|Any CPU
		{F14D5BAB-711A-4766-AFC2-DC240A0EAFDB}.Debug|ARM.Build.0 = Debug|Any CPU
		{F14D5BAB-711A-4766-AFC2-DC240A0EAFDB}.Debug|ARM64.ActiveCfg = Debug|Any CPU
		{F14D5BAB-711A-4766-AFC2-DC240A0EAFDB}.Debug|ARM64.Build.0 = Debug|Any CPU
		{F14D5BAB-711A-4766-AFC2-DC240A0EAFDB}.Debug|x64.ActiveCfg = Debug|Any CPU
		{F14D5BAB-711A-4766-AFC2-DC240A0EAFDB}.Debug|x64.Build.0 = Debug|Any CPU
		{F14D5BAB-711A-4766-AFC2-DC240A0EAFDB}.Debug|x86.ActiveCfg = Debug|Any CPU
		{F14D5BAB-711A-4766-AFC2-DC240A0EAFDB}.Debug|x86.Build.0 = Debug|Any CPU
		{F14D5BAB-711A-4766-AFC2-DC240A0EAFDB}.Release|Any CPU.ActiveCfg = Release|Any CPU
		{F14D5BAB-711A-4766-AFC2-DC240A0EAFDB}.Release|Any CPU.Build.0 = Release|Any CPU
		{F14D5BAB-711A-4766-AFC2-DC240A0EAFDB}.Release|ARM.ActiveCfg = Release|Any CPU
		{F14D5BAB-711A-4766-AFC2-DC240A0EAFDB}.Release|ARM.Build.0 = Release|Any CPU
		{F14D5BAB-711A-4766-AFC2-DC240A0EAFDB}.Release|ARM64.ActiveCfg = Release|Any CPU
		{F14D5BAB-711A-4766-AFC2-DC240A0EAFDB}.Release|ARM64.Build.0 = Release|Any CPU
		{F14D5BAB-711A-4766-AFC2-DC240A0EAFDB}.Release|x64.ActiveCfg = Release|Any CPU
		{F14D5BAB-711A-4766-AFC2-DC240A0EAFDB}.Release|x64.Build.0 = Release|Any CPU
		{F14D5BAB-711A-4766-AFC2-DC240A0EAFDB}.Release|x86.ActiveCfg = Release|Any CPU
		{F14D5BAB-711A-4766-AFC2-DC240A0EAFDB}.Release|x86.Build.0 = Release|Any CPU
	EndGlobalSection
	GlobalSection(SolutionProperties) = preSolution
		HideSolutionNode = FALSE
	EndGlobalSection
	GlobalSection(ExtensibilityGlobals) = postSolution
		SolutionGuid = {490B0C08-C86D-4BDC-8965-0293C6CDC165}
	EndGlobalSection
EndGlobal
