
Microsoft Visual Studio Solution File, Format Version 12.00
# Visual Studio Version 17
VisualStudioVersion = 17.0.32112.339
MinimumVisualStudioVersion = 10.0.40219.1
Project("{FAE04EC0-301F-11D3-BF4B-00C04F79EFBC}") = "LearningSystem", "LearningSystem\LearningSystem.csproj", "{9CD80ED7-1F55-4754-AEC7-3AE075433304}"
EndProject
Project("{FAE04EC0-301F-11D3-BF4B-00C04F79EFBC}") = "LearningSystem.Contracts", "LearningSystem.Contracts\LearningSystem.Contracts.csproj", "{A65F43C3-AC6C-4089-8793-58094EB45F87}"
EndProject
Global
	GlobalSection(SolutionConfigurationPlatforms) = preSolution
		Debug|Any CPU = Debug|Any CPU
		Release|Any CPU = Release|Any CPU
	EndGlobalSection
	GlobalSection(ProjectConfigurationPlatforms) = postSolution
		{9CD80ED7-1F55-4754-AEC7-3AE075433304}.Debug|Any CPU.ActiveCfg = Debug|Any CPU
		{9CD80ED7-1F55-4754-AEC7-3AE075433304}.Debug|Any CPU.Build.0 = Debug|Any CPU
		{9CD80ED7-1F55-4754-AEC7-3AE075433304}.Release|Any CPU.ActiveCfg = Release|Any CPU
		{9CD80ED7-1F55-4754-AEC7-3AE075433304}.Release|Any CPU.Build.0 = Release|Any CPU
		{A65F43C3-AC6C-4089-8793-58094EB45F87}.Debug|Any CPU.ActiveCfg = Debug|Any CPU
		{A65F43C3-AC6C-4089-8793-58094EB45F87}.Debug|Any CPU.Build.0 = Debug|Any CPU
		{A65F43C3-AC6C-4089-8793-58094EB45F87}.Release|Any CPU.ActiveCfg = Release|Any CPU
		{A65F43C3-AC6C-4089-8793-58094EB45F87}.Release|Any CPU.Build.0 = Release|Any CPU
	EndGlobalSection
	GlobalSection(SolutionProperties) = preSolution
		HideSolutionNode = FALSE
	EndGlobalSection
	GlobalSection(ExtensibilityGlobals) = postSolution
		SolutionGuid = {976EE8AC-4665-4688-8D58-C008CB88EB92}
	EndGlobalSection
EndGlobal
