
Microsoft Visual Studio Solution File, Format Version 12.00
# Visual Studio Version 17
VisualStudioVersion = 17.4.33122.133
MinimumVisualStudioVersion = 10.0.40219.1
Project("{E24C65DC-7377-472B-9ABA-BC803B73C61A}") = "Homework31/Homework31_/HW31", "http://localhost:56195/Homework31_/HW31", "{BE9774F1-F1AE-423B-975B-51488810AC94}"
	ProjectSection(WebsiteProperties) = preProject
		UseIISExpress = "true"
		TargetFrameworkMoniker = ".NETFramework,Version%3Dv4.0"
		Debug.AspNetCompiler.VirtualPath = "/HW31"
		Debug.AspNetCompiler.PhysicalPath = "HW31\"
		Debug.AspNetCompiler.TargetPath = "PrecompiledWeb\HW31\"
		Debug.AspNetCompiler.Updateable = "true"
		Debug.AspNetCompiler.ForceOverwrite = "true"
		Debug.AspNetCompiler.FixedNames = "false"
		Debug.AspNetCompiler.Debug = "True"
		Release.AspNetCompiler.VirtualPath = "/HW31"
		Release.AspNetCompiler.PhysicalPath = "HW31\"
		Release.AspNetCompiler.TargetPath = "PrecompiledWeb\HW31\"
		Release.AspNetCompiler.Updateable = "true"
		Release.AspNetCompiler.ForceOverwrite = "true"
		Release.AspNetCompiler.FixedNames = "false"
		Release.AspNetCompiler.Debug = "False"
		SlnRelativePath = "HW31\"
	EndProjectSection
EndProject
Global
	GlobalSection(SolutionConfigurationPlatforms) = preSolution
		Debug|Any CPU = Debug|Any CPU
	EndGlobalSection
	GlobalSection(ProjectConfigurationPlatforms) = postSolution
		{BE9774F1-F1AE-423B-975B-51488810AC94}.Debug|Any CPU.ActiveCfg = Debug|Any CPU
		{BE9774F1-F1AE-423B-975B-51488810AC94}.Debug|Any CPU.Build.0 = Debug|Any CPU
	EndGlobalSection
	GlobalSection(SolutionProperties) = preSolution
		HideSolutionNode = FALSE
	EndGlobalSection
	GlobalSection(ExtensibilityGlobals) = postSolution
		SolutionGuid = {4A90A2EA-ED0A-4EF2-87B6-177A67327C3A}
	EndGlobalSection
EndGlobal
