
Microsoft Visual Studio Solution File, Format Version 12.00
# Visual Studio Version 17
VisualStudioVersion = 17.4.33122.133
MinimumVisualStudioVersion = 10.0.40219.1
Project("{FAE04EC0-301F-11D3-BF4B-00C04F79EFBC}") = "Lesson 6 Homework", "Lesson 6 Homework.csproj", "{0FC5A587-89C5-43D0-B8CF-271F20CE613E}"
EndProject
Global
	GlobalSection(SolutionConfigurationPlatforms) = preSolution
		Debug|Any CPU = Debug|Any CPU
		Release|Any CPU = Release|Any CPU
	EndGlobalSection
	GlobalSection(ProjectConfigurationPlatforms) = postSolution
		{0FC5A587-89C5-43D0-B8CF-271F20CE613E}.Debug|Any CPU.ActiveCfg = Debug|Any CPU
		{0FC5A587-89C5-43D0-B8CF-271F20CE613E}.Debug|Any CPU.Build.0 = Debug|Any CPU
		{0FC5A587-89C5-43D0-B8CF-271F20CE613E}.Release|Any CPU.ActiveCfg = Release|Any CPU
		{0FC5A587-89C5-43D0-B8CF-271F20CE613E}.Release|Any CPU.Build.0 = Release|Any CPU
	EndGlobalSection
	GlobalSection(SolutionProperties) = preSolution
		HideSolutionNode = FALSE
	EndGlobalSection
	GlobalSection(ExtensibilityGlobals) = postSolution
		SolutionGuid = {0E1BCF3E-82AF-4D2E-88BB-CC114F396CFD}
	EndGlobalSection
EndGlobal
