
Microsoft Visual Studio Solution File, Format Version 12.00
# Visual Studio Version 16
VisualStudioVersion = 25.0.1704.0
MinimumVisualStudioVersion = 10.0.40219.1
Project("{FAE04EC0-301F-11D3-BF4B-00C04F79EFBC}") = "Lesson5.Homework2", "Lesson5.Homework2.csproj", "{7A134980-5BB3-4A64-B4FC-3321078A8820}"
EndProject
Global
	GlobalSection(SolutionConfigurationPlatforms) = preSolution
		Debug|Any CPU = Debug|Any CPU
		Release|Any CPU = Release|Any CPU
	EndGlobalSection
	GlobalSection(ProjectConfigurationPlatforms) = postSolution
		{7A134980-5BB3-4A64-B4FC-3321078A8820}.Debug|Any CPU.ActiveCfg = Debug|Any CPU
		{7A134980-5BB3-4A64-B4FC-3321078A8820}.Debug|Any CPU.Build.0 = Debug|Any CPU
		{7A134980-5BB3-4A64-B4FC-3321078A8820}.Release|Any CPU.ActiveCfg = Release|Any CPU
		{7A134980-5BB3-4A64-B4FC-3321078A8820}.Release|Any CPU.Build.0 = Release|Any CPU
	EndGlobalSection
	GlobalSection(SolutionProperties) = preSolution
		HideSolutionNode = FALSE
	EndGlobalSection
	GlobalSection(ExtensibilityGlobals) = postSolution
		SolutionGuid = {44520F61-A53B-488F-BF39-CF63D616F3AA}
	EndGlobalSection
EndGlobal
