
Microsoft Visual Studio Solution File, Format Version 12.00
# Visual Studio Version 16
VisualStudioVersion = 25.0.1704.0
MinimumVisualStudioVersion = 10.0.40219.1
Project("{FAE04EC0-301F-11D3-BF4B-00C04F79EFBC}") = "Lesson4.Homework", "Lesson4.Homework.csproj", "{1013D9FA-C79D-49DC-81BA-5395A10C4F16}"
EndProject
Global
	GlobalSection(SolutionConfigurationPlatforms) = preSolution
		Debug|Any CPU = Debug|Any CPU
		Release|Any CPU = Release|Any CPU
	EndGlobalSection
	GlobalSection(ProjectConfigurationPlatforms) = postSolution
		{1013D9FA-C79D-49DC-81BA-5395A10C4F16}.Debug|Any CPU.ActiveCfg = Debug|Any CPU
		{1013D9FA-C79D-49DC-81BA-5395A10C4F16}.Debug|Any CPU.Build.0 = Debug|Any CPU
		{1013D9FA-C79D-49DC-81BA-5395A10C4F16}.Release|Any CPU.ActiveCfg = Release|Any CPU
		{1013D9FA-C79D-49DC-81BA-5395A10C4F16}.Release|Any CPU.Build.0 = Release|Any CPU
	EndGlobalSection
	GlobalSection(SolutionProperties) = preSolution
		HideSolutionNode = FALSE
	EndGlobalSection
	GlobalSection(ExtensibilityGlobals) = postSolution
		SolutionGuid = {FBA11318-5D45-4D96-8BB1-30E96442DBFF}
	EndGlobalSection
EndGlobal
