
Microsoft Visual Studio Solution File, Format Version 12.00
# Visual Studio Version 17
VisualStudioVersion = 17.4.33122.133
MinimumVisualStudioVersion = 10.0.40219.1
Project("{FAE04EC0-301F-11D3-BF4B-00C04F79EFBC}") = "Homework 8", "Homework 8\Homework 8.csproj", "{89668E56-6FEF-461D-A3E7-A095270AD660}"
EndProject
Global
	GlobalSection(SolutionConfigurationPlatforms) = preSolution
		Debug|Any CPU = Debug|Any CPU
		Release|Any CPU = Release|Any CPU
	EndGlobalSection
	GlobalSection(ProjectConfigurationPlatforms) = postSolution
		{89668E56-6FEF-461D-A3E7-A095270AD660}.Debug|Any CPU.ActiveCfg = Debug|Any CPU
		{89668E56-6FEF-461D-A3E7-A095270AD660}.Debug|Any CPU.Build.0 = Debug|Any CPU
		{89668E56-6FEF-461D-A3E7-A095270AD660}.Release|Any CPU.ActiveCfg = Release|Any CPU
		{89668E56-6FEF-461D-A3E7-A095270AD660}.Release|Any CPU.Build.0 = Release|Any CPU
	EndGlobalSection
	GlobalSection(SolutionProperties) = preSolution
		HideSolutionNode = FALSE
	EndGlobalSection
	GlobalSection(ExtensibilityGlobals) = postSolution
		SolutionGuid = {A7529E9C-2743-49F4-9F91-9CD96E6FF016}
	EndGlobalSection
EndGlobal
