
Microsoft Visual Studio Solution File, Format Version 12.00
# Visual Studio Version 17
VisualStudioVersion = 17.4.33122.133
MinimumVisualStudioVersion = 10.0.40219.1
Project("{FAE04EC0-301F-11D3-BF4B-00C04F79EFBC}") = "Homework6", "Homework6.csproj", "{7E6455B2-F086-4DA1-9CC9-480BE084CA29}"
EndProject
Global
	GlobalSection(SolutionConfigurationPlatforms) = preSolution
		Debug|Any CPU = Debug|Any CPU
		Release|Any CPU = Release|Any CPU
	EndGlobalSection
	GlobalSection(ProjectConfigurationPlatforms) = postSolution
		{7E6455B2-F086-4DA1-9CC9-480BE084CA29}.Debug|Any CPU.ActiveCfg = Debug|Any CPU
		{7E6455B2-F086-4DA1-9CC9-480BE084CA29}.Debug|Any CPU.Build.0 = Debug|Any CPU
		{7E6455B2-F086-4DA1-9CC9-480BE084CA29}.Release|Any CPU.ActiveCfg = Release|Any CPU
		{7E6455B2-F086-4DA1-9CC9-480BE084CA29}.Release|Any CPU.Build.0 = Release|Any CPU
	EndGlobalSection
	GlobalSection(SolutionProperties) = preSolution
		HideSolutionNode = FALSE
	EndGlobalSection
	GlobalSection(ExtensibilityGlobals) = postSolution
		SolutionGuid = {4EC79581-2742-4492-B553-F7A460C45FD1}
	EndGlobalSection
EndGlobal
