
Microsoft Visual Studio Solution File, Format Version 12.00
# Visual Studio Version 17
VisualStudioVersion = 17.4.33122.133
MinimumVisualStudioVersion = 10.0.40219.1
Project("{9A19103F-16F7-4668-BE54-9A1E7A4F7556}") = "Lesson6.Classwork", "Lesson6.Classwork.csproj", "{39C2BA1D-7D76-4752-AC4C-48C6D5487E74}"
EndProject
Global
	GlobalSection(SolutionConfigurationPlatforms) = preSolution
		Debug|Any CPU = Debug|Any CPU
		Release|Any CPU = Release|Any CPU
	EndGlobalSection
	GlobalSection(ProjectConfigurationPlatforms) = postSolution
		{39C2BA1D-7D76-4752-AC4C-48C6D5487E74}.Debug|Any CPU.ActiveCfg = Debug|Any CPU
		{39C2BA1D-7D76-4752-AC4C-48C6D5487E74}.Debug|Any CPU.Build.0 = Debug|Any CPU
		{39C2BA1D-7D76-4752-AC4C-48C6D5487E74}.Release|Any CPU.ActiveCfg = Release|Any CPU
		{39C2BA1D-7D76-4752-AC4C-48C6D5487E74}.Release|Any CPU.Build.0 = Release|Any CPU
	EndGlobalSection
	GlobalSection(SolutionProperties) = preSolution
		HideSolutionNode = FALSE
	EndGlobalSection
	GlobalSection(ExtensibilityGlobals) = postSolution
		SolutionGuid = {3BC24DC2-9656-4045-8487-1D527EDE3C92}
	EndGlobalSection
EndGlobal
