
Microsoft Visual Studio Solution File, Format Version 12.00
# Visual Studio Version 16
VisualStudioVersion = 25.0.1704.0
MinimumVisualStudioVersion = 10.0.40219.1
Project("{FAE04EC0-301F-11D3-BF4B-00C04F79EFBC}") = "Lesson5.Homework", "Lesson5.Homework.csproj", "{1E7C258B-0242-4AA6-99B6-E0B9B260B590}"
EndProject
Global
	GlobalSection(SolutionConfigurationPlatforms) = preSolution
		Debug|Any CPU = Debug|Any CPU
		Release|Any CPU = Release|Any CPU
	EndGlobalSection
	GlobalSection(ProjectConfigurationPlatforms) = postSolution
		{1E7C258B-0242-4AA6-99B6-E0B9B260B590}.Debug|Any CPU.ActiveCfg = Debug|Any CPU
		{1E7C258B-0242-4AA6-99B6-E0B9B260B590}.Debug|Any CPU.Build.0 = Debug|Any CPU
		{1E7C258B-0242-4AA6-99B6-E0B9B260B590}.Release|Any CPU.ActiveCfg = Release|Any CPU
		{1E7C258B-0242-4AA6-99B6-E0B9B260B590}.Release|Any CPU.Build.0 = Release|Any CPU
	EndGlobalSection
	GlobalSection(SolutionProperties) = preSolution
		HideSolutionNode = FALSE
	EndGlobalSection
	GlobalSection(ExtensibilityGlobals) = postSolution
		SolutionGuid = {C4534DB9-65A0-4557-8187-736663FD8031}
	EndGlobalSection
EndGlobal
