
Microsoft Visual Studio Solution File, Format Version 12.00
# Visual Studio Version 17
VisualStudioVersion = 17.4.33122.133
MinimumVisualStudioVersion = 10.0.40219.1
Project("{FAE04EC0-301F-11D3-BF4B-00C04F79EFBC}") = "ConsoleApp1", "ConsoleApp1.csproj", "{7E32BC5B-5DCC-467B-8828-4F21635ADB27}"
EndProject
Global
	GlobalSection(SolutionConfigurationPlatforms) = preSolution
		Debug|Any CPU = Debug|Any CPU
		Release|Any CPU = Release|Any CPU
	EndGlobalSection
	GlobalSection(ProjectConfigurationPlatforms) = postSolution
		{7E32BC5B-5DCC-467B-8828-4F21635ADB27}.Debug|Any CPU.ActiveCfg = Debug|Any CPU
		{7E32BC5B-5DCC-467B-8828-4F21635ADB27}.Debug|Any CPU.Build.0 = Debug|Any CPU
		{7E32BC5B-5DCC-467B-8828-4F21635ADB27}.Release|Any CPU.ActiveCfg = Release|Any CPU
		{7E32BC5B-5DCC-467B-8828-4F21635ADB27}.Release|Any CPU.Build.0 = Release|Any CPU
	EndGlobalSection
	GlobalSection(SolutionProperties) = preSolution
		HideSolutionNode = FALSE
	EndGlobalSection
	GlobalSection(ExtensibilityGlobals) = postSolution
		SolutionGuid = {9CAD83C0-318E-4E19-88C9-200CFD6585B2}
	EndGlobalSection
EndGlobal
