
Microsoft Visual Studio Solution File, Format Version 12.00
# Visual Studio Version 17
VisualStudioVersion = 17.0.32112.339
MinimumVisualStudioVersion = 10.0.40219.1
Project("{9A19103F-16F7-4668-BE54-9A1E7A4F7556}") = "Lesson6.HomeWork", "Lesson6.HomeWork\Lesson6.HomeWork.csproj", "{5E0DCA45-A8FD-4606-8AED-58E7E87546F9}"
EndProject
Project("{FAE04EC0-301F-11D3-BF4B-00C04F79EFBC}") = "Average", "Average\Average.csproj", "{D28CFFA4-4FDE-4524-8565-68EC64CF4D4D}"
EndProject
Global
	GlobalSection(SolutionConfigurationPlatforms) = preSolution
		Debug|Any CPU = Debug|Any CPU
		Release|Any CPU = Release|Any CPU
	EndGlobalSection
	GlobalSection(ProjectConfigurationPlatforms) = postSolution
		{5E0DCA45-A8FD-4606-8AED-58E7E87546F9}.Debug|Any CPU.ActiveCfg = Debug|Any CPU
		{5E0DCA45-A8FD-4606-8AED-58E7E87546F9}.Debug|Any CPU.Build.0 = Debug|Any CPU
		{5E0DCA45-A8FD-4606-8AED-58E7E87546F9}.Release|Any CPU.ActiveCfg = Release|Any CPU
		{5E0DCA45-A8FD-4606-8AED-58E7E87546F9}.Release|Any CPU.Build.0 = Release|Any CPU
		{D28CFFA4-4FDE-4524-8565-68EC64CF4D4D}.Debug|Any CPU.ActiveCfg = Debug|Any CPU
		{D28CFFA4-4FDE-4524-8565-68EC64CF4D4D}.Debug|Any CPU.Build.0 = Debug|Any CPU
		{D28CFFA4-4FDE-4524-8565-68EC64CF4D4D}.Release|Any CPU.ActiveCfg = Release|Any CPU
		{D28CFFA4-4FDE-4524-8565-68EC64CF4D4D}.Release|Any CPU.Build.0 = Release|Any CPU
	EndGlobalSection
	GlobalSection(SolutionProperties) = preSolution
		HideSolutionNode = FALSE
	EndGlobalSection
	GlobalSection(ExtensibilityGlobals) = postSolution
		SolutionGuid = {CACA557A-6B30-4A49-B9DA-8F0BE7016140}
	EndGlobalSection
EndGlobal
