
Microsoft Visual Studio Solution File, Format Version 12.00
# Visual Studio Version 17
VisualStudioVersion = 17.3.32929.385
MinimumVisualStudioVersion = 10.0.40219.1
Project("{9A19103F-16F7-4668-BE54-9A1E7A4F7556}") = "Homework3", "Homework3\Homework3.csproj", "{6E154088-D945-4273-A944-9A0924B5D1A0}"
EndProject
Global
	GlobalSection(SolutionConfigurationPlatforms) = preSolution
		Debug|Any CPU = Debug|Any CPU
		Release|Any CPU = Release|Any CPU
	EndGlobalSection
	GlobalSection(ProjectConfigurationPlatforms) = postSolution
		{6E154088-D945-4273-A944-9A0924B5D1A0}.Debug|Any CPU.ActiveCfg = Debug|Any CPU
		{6E154088-D945-4273-A944-9A0924B5D1A0}.Debug|Any CPU.Build.0 = Debug|Any CPU
		{6E154088-D945-4273-A944-9A0924B5D1A0}.Release|Any CPU.ActiveCfg = Release|Any CPU
		{6E154088-D945-4273-A944-9A0924B5D1A0}.Release|Any CPU.Build.0 = Release|Any CPU
	EndGlobalSection
	GlobalSection(SolutionProperties) = preSolution
		HideSolutionNode = FALSE
	EndGlobalSection
	GlobalSection(ExtensibilityGlobals) = postSolution
		SolutionGuid = {63EDEF7D-2FD4-4BCE-8E79-98D043448367}
	EndGlobalSection
EndGlobal
