
Microsoft Visual Studio Solution File, Format Version 12.00
# Visual Studio Version 16
VisualStudioVersion = 25.0.1704.0
MinimumVisualStudioVersion = 10.0.40219.1
Project("{FAE04EC0-301F-11D3-BF4B-00C04F79EFBC}") = "Lesson3.Homework", "Lesson3.Homework.csproj", "{7E01C8FA-42F2-420C-AAD2-00F8FAD8498F}"
EndProject
Global
	GlobalSection(SolutionConfigurationPlatforms) = preSolution
		Debug|Any CPU = Debug|Any CPU
		Release|Any CPU = Release|Any CPU
	EndGlobalSection
	GlobalSection(ProjectConfigurationPlatforms) = postSolution
		{7E01C8FA-42F2-420C-AAD2-00F8FAD8498F}.Debug|Any CPU.ActiveCfg = Debug|Any CPU
		{7E01C8FA-42F2-420C-AAD2-00F8FAD8498F}.Debug|Any CPU.Build.0 = Debug|Any CPU
		{7E01C8FA-42F2-420C-AAD2-00F8FAD8498F}.Release|Any CPU.ActiveCfg = Release|Any CPU
		{7E01C8FA-42F2-420C-AAD2-00F8FAD8498F}.Release|Any CPU.Build.0 = Release|Any CPU
	EndGlobalSection
	GlobalSection(SolutionProperties) = preSolution
		HideSolutionNode = FALSE
	EndGlobalSection
	GlobalSection(ExtensibilityGlobals) = postSolution
		SolutionGuid = {6A647466-DF3A-44DC-9BEE-B8DF89B8C181}
	EndGlobalSection
EndGlobal
