
Microsoft Visual Studio Solution File, Format Version 12.00
# Visual Studio Version 17
VisualStudioVersion = 17.4.33122.133
MinimumVisualStudioVersion = 10.0.40219.1
Project("{FAE04EC0-301F-11D3-BF4B-00C04F79EFBC}") = "HomeWork2", "HomeWork2.csproj", "{D0058D20-AF82-40DD-8B84-28CC44696F1B}"
EndProject
Global
	GlobalSection(SolutionConfigurationPlatforms) = preSolution
		Debug|Any CPU = Debug|Any CPU
		Release|Any CPU = Release|Any CPU
	EndGlobalSection
	GlobalSection(ProjectConfigurationPlatforms) = postSolution
		{D0058D20-AF82-40DD-8B84-28CC44696F1B}.Debug|Any CPU.ActiveCfg = Debug|Any CPU
		{D0058D20-AF82-40DD-8B84-28CC44696F1B}.Debug|Any CPU.Build.0 = Debug|Any CPU
		{D0058D20-AF82-40DD-8B84-28CC44696F1B}.Release|Any CPU.ActiveCfg = Release|Any CPU
		{D0058D20-AF82-40DD-8B84-28CC44696F1B}.Release|Any CPU.Build.0 = Release|Any CPU
	EndGlobalSection
	GlobalSection(SolutionProperties) = preSolution
		HideSolutionNode = FALSE
	EndGlobalSection
	GlobalSection(ExtensibilityGlobals) = postSolution
		SolutionGuid = {BC0D1CE9-8D24-4812-ADA3-0E90FCDC694C}
	EndGlobalSection
EndGlobal
