
Microsoft Visual Studio Solution File, Format Version 12.00
# Visual Studio Version 17
VisualStudioVersion = 17.2.32630.192
MinimumVisualStudioVersion = 10.0.40219.1
Project("{FAE04EC0-301F-11D3-BF4B-00C04F79EFBC}") = "Lesson16.Classwork", "Lesson16.Classwork\Lesson16.Classwork.csproj", "{F2B254B0-3512-41CC-9329-360F8FF2C59F}"
EndProject
Global
	GlobalSection(SolutionConfigurationPlatforms) = preSolution
		Debug|Any CPU = Debug|Any CPU
		Release|Any CPU = Release|Any CPU
	EndGlobalSection
	GlobalSection(ProjectConfigurationPlatforms) = postSolution
		{F2B254B0-3512-41CC-9329-360F8FF2C59F}.Debug|Any CPU.ActiveCfg = Debug|Any CPU
		{F2B254B0-3512-41CC-9329-360F8FF2C59F}.Debug|Any CPU.Build.0 = Debug|Any CPU
		{F2B254B0-3512-41CC-9329-360F8FF2C59F}.Release|Any CPU.ActiveCfg = Release|Any CPU
		{F2B254B0-3512-41CC-9329-360F8FF2C59F}.Release|Any CPU.Build.0 = Release|Any CPU
	EndGlobalSection
	GlobalSection(SolutionProperties) = preSolution
		HideSolutionNode = FALSE
	EndGlobalSection
	GlobalSection(ExtensibilityGlobals) = postSolution
		SolutionGuid = {2A800431-DE30-4EE5-BE86-45A79CFF05D7}
	EndGlobalSection
EndGlobal
