
Microsoft Visual Studio Solution File, Format Version 12.00
# Visual Studio Version 16
VisualStudioVersion = 25.0.1704.0
MinimumVisualStudioVersion = 10.0.40219.1
Project("{FAE04EC0-301F-11D3-BF4B-00C04F79EFBC}") = "Lesson5.Classwork", "Lesson5.Classwork.csproj", "{35281717-0A72-4958-B5D0-9909574596BA}"
EndProject
Global
	GlobalSection(SolutionConfigurationPlatforms) = preSolution
		Debug|Any CPU = Debug|Any CPU
		Release|Any CPU = Release|Any CPU
	EndGlobalSection
	GlobalSection(ProjectConfigurationPlatforms) = postSolution
		{35281717-0A72-4958-B5D0-9909574596BA}.Debug|Any CPU.ActiveCfg = Debug|Any CPU
		{35281717-0A72-4958-B5D0-9909574596BA}.Debug|Any CPU.Build.0 = Debug|Any CPU
		{35281717-0A72-4958-B5D0-9909574596BA}.Release|Any CPU.ActiveCfg = Release|Any CPU
		{35281717-0A72-4958-B5D0-9909574596BA}.Release|Any CPU.Build.0 = Release|Any CPU
	EndGlobalSection
	GlobalSection(SolutionProperties) = preSolution
		HideSolutionNode = FALSE
	EndGlobalSection
	GlobalSection(ExtensibilityGlobals) = postSolution
		SolutionGuid = {68F02C59-44D4-4281-99BD-960639C166C1}
	EndGlobalSection
EndGlobal
