
Microsoft Visual Studio Solution File, Format Version 12.00
# Visual Studio Version 17
VisualStudioVersion = 17.4.33122.133
MinimumVisualStudioVersion = 10.0.40219.1
Project("{FAE04EC0-301F-11D3-BF4B-00C04F79EFBC}") = "Lesson3.Classwork", "Lesson3.Classwork.csproj", "{87F619B4-8661-4F68-A27F-7E37A7201E01}"
EndProject
Global
	GlobalSection(SolutionConfigurationPlatforms) = preSolution
		Debug|Any CPU = Debug|Any CPU
		Release|Any CPU = Release|Any CPU
	EndGlobalSection
	GlobalSection(ProjectConfigurationPlatforms) = postSolution
		{87F619B4-8661-4F68-A27F-7E37A7201E01}.Debug|Any CPU.ActiveCfg = Debug|Any CPU
		{87F619B4-8661-4F68-A27F-7E37A7201E01}.Debug|Any CPU.Build.0 = Debug|Any CPU
		{87F619B4-8661-4F68-A27F-7E37A7201E01}.Release|Any CPU.ActiveCfg = Release|Any CPU
		{87F619B4-8661-4F68-A27F-7E37A7201E01}.Release|Any CPU.Build.0 = Release|Any CPU
	EndGlobalSection
	GlobalSection(SolutionProperties) = preSolution
		HideSolutionNode = FALSE
	EndGlobalSection
	GlobalSection(ExtensibilityGlobals) = postSolution
		SolutionGuid = {E00DAF5C-F853-49B9-B515-1BDA0FCAC253}
	EndGlobalSection
EndGlobal
