
Microsoft Visual Studio Solution File, Format Version 12.00
# Visual Studio Version 17
VisualStudioVersion = 17.4.33122.133
MinimumVisualStudioVersion = 10.0.40219.1
Project("{FAE04EC0-301F-11D3-BF4B-00C04F79EFBC}") = "Lesson_7.Classwork", "Lesson_7.Classwork\Lesson_7.Classwork.csproj", "{9CCB938F-F588-42C0-B51F-FE04AFAD5831}"
EndProject
Global
	GlobalSection(SolutionConfigurationPlatforms) = preSolution
		Debug|Any CPU = Debug|Any CPU
		Release|Any CPU = Release|Any CPU
	EndGlobalSection
	GlobalSection(ProjectConfigurationPlatforms) = postSolution
		{9CCB938F-F588-42C0-B51F-FE04AFAD5831}.Debug|Any CPU.ActiveCfg = Debug|Any CPU
		{9CCB938F-F588-42C0-B51F-FE04AFAD5831}.Debug|Any CPU.Build.0 = Debug|Any CPU
		{9CCB938F-F588-42C0-B51F-FE04AFAD5831}.Release|Any CPU.ActiveCfg = Release|Any CPU
		{9CCB938F-F588-42C0-B51F-FE04AFAD5831}.Release|Any CPU.Build.0 = Release|Any CPU
	EndGlobalSection
	GlobalSection(SolutionProperties) = preSolution
		HideSolutionNode = FALSE
	EndGlobalSection
	GlobalSection(ExtensibilityGlobals) = postSolution
		SolutionGuid = {7543A82D-6332-40B4-B0DD-37CD7BFA30EC}
	EndGlobalSection
EndGlobal
