
Microsoft Visual Studio Solution File, Format Version 12.00
# Visual Studio Version 17
VisualStudioVersion = 17.4.33122.133
MinimumVisualStudioVersion = 10.0.40219.1
Project("{FAE04EC0-301F-11D3-BF4B-00C04F79EFBC}") = "Lesson29", "Lesson29.csproj", "{97619BC3-C9BE-4EF3-B017-9F15B84981E2}"
EndProject
Global
	GlobalSection(SolutionConfigurationPlatforms) = preSolution
		Debug|Any CPU = Debug|Any CPU
		Release|Any CPU = Release|Any CPU
	EndGlobalSection
	GlobalSection(ProjectConfigurationPlatforms) = postSolution
		{97619BC3-C9BE-4EF3-B017-9F15B84981E2}.Debug|Any CPU.ActiveCfg = Debug|Any CPU
		{97619BC3-C9BE-4EF3-B017-9F15B84981E2}.Debug|Any CPU.Build.0 = Debug|Any CPU
		{97619BC3-C9BE-4EF3-B017-9F15B84981E2}.Release|Any CPU.ActiveCfg = Release|Any CPU
		{97619BC3-C9BE-4EF3-B017-9F15B84981E2}.Release|Any CPU.Build.0 = Release|Any CPU
	EndGlobalSection
	GlobalSection(SolutionProperties) = preSolution
		HideSolutionNode = FALSE
	EndGlobalSection
	GlobalSection(ExtensibilityGlobals) = postSolution
		SolutionGuid = {51559F71-F825-41DE-B844-85F97CD04BD3}
	EndGlobalSection
EndGlobal
