
Microsoft Visual Studio Solution File, Format Version 12.00
# Visual Studio Version 17
VisualStudioVersion = 17.4.33122.133
MinimumVisualStudioVersion = 10.0.40219.1
Project("{FAE04EC0-301F-11D3-BF4B-00C04F79EFBC}") = "Lesson13.ClassWork", "Lesson13.ClassWork\Lesson13.ClassWork.csproj", "{60FE5583-3C65-4B62-9D56-28728AF1DD34}"
EndProject
Project("{FAE04EC0-301F-11D3-BF4B-00C04F79EFBC}") = "Lesson13.HomeWork", "Lesson13.HomeWork\Lesson13.HomeWork.csproj", "{1F0C3891-EC4E-4295-869B-3EF984E9068E}"
EndProject
Global
	GlobalSection(SolutionConfigurationPlatforms) = preSolution
		Debug|Any CPU = Debug|Any CPU
		Release|Any CPU = Release|Any CPU
	EndGlobalSection
	GlobalSection(ProjectConfigurationPlatforms) = postSolution
		{60FE5583-3C65-4B62-9D56-28728AF1DD34}.Debug|Any CPU.ActiveCfg = Debug|Any CPU
		{60FE5583-3C65-4B62-9D56-28728AF1DD34}.Debug|Any CPU.Build.0 = Debug|Any CPU
		{60FE5583-3C65-4B62-9D56-28728AF1DD34}.Release|Any CPU.ActiveCfg = Release|Any CPU
		{60FE5583-3C65-4B62-9D56-28728AF1DD34}.Release|Any CPU.Build.0 = Release|Any CPU
		{1F0C3891-EC4E-4295-869B-3EF984E9068E}.Debug|Any CPU.ActiveCfg = Debug|Any CPU
		{1F0C3891-EC4E-4295-869B-3EF984E9068E}.Debug|Any CPU.Build.0 = Debug|Any CPU
		{1F0C3891-EC4E-4295-869B-3EF984E9068E}.Release|Any CPU.ActiveCfg = Release|Any CPU
		{1F0C3891-EC4E-4295-869B-3EF984E9068E}.Release|Any CPU.Build.0 = Release|Any CPU
	EndGlobalSection
	GlobalSection(SolutionProperties) = preSolution
		HideSolutionNode = FALSE
	EndGlobalSection
	GlobalSection(ExtensibilityGlobals) = postSolution
		SolutionGuid = {4C9B5F9B-94FF-4C84-A7B9-266D8981AB8D}
	EndGlobalSection
EndGlobal
