
Microsoft Visual Studio Solution File, Format Version 12.00
# Visual Studio Version 17
VisualStudioVersion = 17.3.32929.385
MinimumVisualStudioVersion = 10.0.40219.1
Project("{FAE04EC0-301F-11D3-BF4B-00C04F79EFBC}") = "Lesson6.Classwork", "Lesson6.Classwork\Lesson6.Classwork.csproj", "{0A1E4825-E37D-4F80-9367-9A52AFFA42FC}"
EndProject
Global
	GlobalSection(SolutionConfigurationPlatforms) = preSolution
		Debug|Any CPU = Debug|Any CPU
		Release|Any CPU = Release|Any CPU
	EndGlobalSection
	GlobalSection(ProjectConfigurationPlatforms) = postSolution
		{0A1E4825-E37D-4F80-9367-9A52AFFA42FC}.Debug|Any CPU.ActiveCfg = Debug|Any CPU
		{0A1E4825-E37D-4F80-9367-9A52AFFA42FC}.Debug|Any CPU.Build.0 = Debug|Any CPU
		{0A1E4825-E37D-4F80-9367-9A52AFFA42FC}.Release|Any CPU.ActiveCfg = Release|Any CPU
		{0A1E4825-E37D-4F80-9367-9A52AFFA42FC}.Release|Any CPU.Build.0 = Release|Any CPU
	EndGlobalSection
	GlobalSection(SolutionProperties) = preSolution
		HideSolutionNode = FALSE
	EndGlobalSection
	GlobalSection(ExtensibilityGlobals) = postSolution
		SolutionGuid = {D20EB9C4-9B49-46CD-ACF1-EF9036BDEE1E}
	EndGlobalSection
EndGlobal
