
Microsoft Visual Studio Solution File, Format Version 12.00
# Visual Studio Version 17
VisualStudioVersion = 17.4.33122.133
MinimumVisualStudioVersion = 10.0.40219.1
Project("{9A19103F-16F7-4668-BE54-9A1E7A4F7556}") = "Lesson4.Classwork", "Lesson4.Classwork\Lesson4.Classwork.csproj", "{1918F37B-53D6-44FC-938F-45FD63B4F386}"
EndProject
Project("{9A19103F-16F7-4668-BE54-9A1E7A4F7556}") = "Lesson4.Homework", "Lesson4.Homework\Lesson4.Homework.csproj", "{B7877228-02E5-44CE-BBF7-CBFE833166A2}"
EndProject
Project("{FAE04EC0-301F-11D3-BF4B-00C04F79EFBC}") = "Lesson4.ExtraHomework", "Lesson4.ExtraHomework\Lesson4.ExtraHomework.csproj", "{5C333883-8D00-4750-8D2F-FB18DEF27FB9}"
EndProject
Global
	GlobalSection(SolutionConfigurationPlatforms) = preSolution
		Debug|Any CPU = Debug|Any CPU
		Release|Any CPU = Release|Any CPU
	EndGlobalSection
	GlobalSection(ProjectConfigurationPlatforms) = postSolution
		{1918F37B-53D6-44FC-938F-45FD63B4F386}.Debug|Any CPU.ActiveCfg = Debug|Any CPU
		{1918F37B-53D6-44FC-938F-45FD63B4F386}.Debug|Any CPU.Build.0 = Debug|Any CPU
		{1918F37B-53D6-44FC-938F-45FD63B4F386}.Release|Any CPU.ActiveCfg = Release|Any CPU
		{1918F37B-53D6-44FC-938F-45FD63B4F386}.Release|Any CPU.Build.0 = Release|Any CPU
		{B7877228-02E5-44CE-BBF7-CBFE833166A2}.Debug|Any CPU.ActiveCfg = Debug|Any CPU
		{B7877228-02E5-44CE-BBF7-CBFE833166A2}.Debug|Any CPU.Build.0 = Debug|Any CPU
		{B7877228-02E5-44CE-BBF7-CBFE833166A2}.Release|Any CPU.ActiveCfg = Release|Any CPU
		{B7877228-02E5-44CE-BBF7-CBFE833166A2}.Release|Any CPU.Build.0 = Release|Any CPU
		{5C333883-8D00-4750-8D2F-FB18DEF27FB9}.Debug|Any CPU.ActiveCfg = Debug|Any CPU
		{5C333883-8D00-4750-8D2F-FB18DEF27FB9}.Debug|Any CPU.Build.0 = Debug|Any CPU
		{5C333883-8D00-4750-8D2F-FB18DEF27FB9}.Release|Any CPU.ActiveCfg = Release|Any CPU
		{5C333883-8D00-4750-8D2F-FB18DEF27FB9}.Release|Any CPU.Build.0 = Release|Any CPU
	EndGlobalSection
	GlobalSection(SolutionProperties) = preSolution
		HideSolutionNode = FALSE
	EndGlobalSection
	GlobalSection(ExtensibilityGlobals) = postSolution
		SolutionGuid = {90658360-354A-41E4-A274-31BA137FE9DC}
	EndGlobalSection
EndGlobal
