
Microsoft Visual Studio Solution File, Format Version 12.00
# Visual Studio Version 17
VisualStudioVersion = 17.0.32112.339
MinimumVisualStudioVersion = 10.0.40219.1
Project("{FAE04EC0-301F-11D3-BF4B-00C04F79EFBC}") = "Game", "Game\Game.csproj", "{EC3C8B46-21B8-48F4-908D-6F779901A5CB}"
EndProject
Global
	GlobalSection(SolutionConfigurationPlatforms) = preSolution
		Debug|Any CPU = Debug|Any CPU
		Release|Any CPU = Release|Any CPU
	EndGlobalSection
	GlobalSection(ProjectConfigurationPlatforms) = postSolution
		{EC3C8B46-21B8-48F4-908D-6F779901A5CB}.Debug|Any CPU.ActiveCfg = Debug|Any CPU
		{EC3C8B46-21B8-48F4-908D-6F779901A5CB}.Debug|Any CPU.Build.0 = Debug|Any CPU
		{EC3C8B46-21B8-48F4-908D-6F779901A5CB}.Release|Any CPU.ActiveCfg = Release|Any CPU
		{EC3C8B46-21B8-48F4-908D-6F779901A5CB}.Release|Any CPU.Build.0 = Release|Any CPU
	EndGlobalSection
	GlobalSection(SolutionProperties) = preSolution
		HideSolutionNode = FALSE
	EndGlobalSection
	GlobalSection(ExtensibilityGlobals) = postSolution
		SolutionGuid = {937A972B-1328-4C78-B52E-6DE9432DC269}
	EndGlobalSection
EndGlobal
