
Microsoft Visual Studio Solution File, Format Version 12.00
# Visual Studio Version 17
VisualStudioVersion = 17.4.33122.133
MinimumVisualStudioVersion = 10.0.40219.1
Project("{E24C65DC-7377-472B-9ABA-BC803B73C61A}") = "Homework30/Homework30", "http://localhost:57097/Homework30", "{530648E7-462D-4633-9421-F501F3B78467}"
	ProjectSection(WebsiteProperties) = preProject
		UseIISExpress = "true"
		TargetFrameworkMoniker = ".NETFramework,Version%3Dv4.0"
		Debug.AspNetCompiler.VirtualPath = "/Homework30"
		Debug.AspNetCompiler.PhysicalPath = "..\Homework30\"
		Debug.AspNetCompiler.TargetPath = "PrecompiledWeb\Homework30\"
		Debug.AspNetCompiler.Updateable = "true"
		Debug.AspNetCompiler.ForceOverwrite = "true"
		Debug.AspNetCompiler.FixedNames = "false"
		Debug.AspNetCompiler.Debug = "True"
		Release.AspNetCompiler.VirtualPath = "/Homework30"
		Release.AspNetCompiler.PhysicalPath = "..\Homework30\"
		Release.AspNetCompiler.TargetPath = "PrecompiledWeb\Homework30\"
		Release.AspNetCompiler.Updateable = "true"
		Release.AspNetCompiler.ForceOverwrite = "true"
		Release.AspNetCompiler.FixedNames = "false"
		Release.AspNetCompiler.Debug = "False"
		SlnRelativePath = "..\Homework30\"
	EndProjectSection
EndProject
Project("{2150E333-8FDC-42A3-9474-1A3956D46DE8}") = "Solution Items", "Solution Items", "{2C887BB1-3610-4185-A8B8-DE5892563686}"
EndProject
Global
	GlobalSection(SolutionConfigurationPlatforms) = preSolution
		Debug|Any CPU = Debug|Any CPU
	EndGlobalSection
	GlobalSection(ProjectConfigurationPlatforms) = postSolution
		{530648E7-462D-4633-9421-F501F3B78467}.Debug|Any CPU.ActiveCfg = Debug|Any CPU
		{530648E7-462D-4633-9421-F501F3B78467}.Debug|Any CPU.Build.0 = Debug|Any CPU
	EndGlobalSection
	GlobalSection(SolutionProperties) = preSolution
		HideSolutionNode = FALSE
	EndGlobalSection
	GlobalSection(ExtensibilityGlobals) = postSolution
		SolutionGuid = {4A90A2EA-ED0A-4EF2-87B6-177A67327C3A}
	EndGlobalSection
EndGlobal
