
Microsoft Visual Studio Solution File, Format Version 12.00
# Visual Studio Version 17
VisualStudioVersion = 17.4.33205.214
MinimumVisualStudioVersion = 10.0.40219.1
Project("{9A19103F-16F7-4668-BE54-9A1E7A4F7556}") = "Lesson9.Homework", "Lesson9.Classwork\Lesson9.Homework.csproj", "{651F3619-5789-4FBB-B533-E465C0542F13}"
EndProject
Global
	GlobalSection(SolutionConfigurationPlatforms) = preSolution
		Debug|Any CPU = Debug|Any CPU
		Release|Any CPU = Release|Any CPU
	EndGlobalSection
	GlobalSection(ProjectConfigurationPlatforms) = postSolution
		{651F3619-5789-4FBB-B533-E465C0542F13}.Debug|Any CPU.ActiveCfg = Debug|Any CPU
		{651F3619-5789-4FBB-B533-E465C0542F13}.Debug|Any CPU.Build.0 = Debug|Any CPU
		{651F3619-5789-4FBB-B533-E465C0542F13}.Release|Any CPU.ActiveCfg = Release|Any CPU
		{651F3619-5789-4FBB-B533-E465C0542F13}.Release|Any CPU.Build.0 = Release|Any CPU
	EndGlobalSection
	GlobalSection(SolutionProperties) = preSolution
		HideSolutionNode = FALSE
	EndGlobalSection
	GlobalSection(ExtensibilityGlobals) = postSolution
		SolutionGuid = {DA072F09-BDA7-47D4-A00E-B2986D843B53}
	EndGlobalSection
EndGlobal
