
Microsoft Visual Studio Solution File, Format Version 12.00
# Visual Studio Version 17
VisualStudioVersion = 17.4.33205.214
MinimumVisualStudioVersion = 10.0.40219.1
Project("{9A19103F-16F7-4668-BE54-9A1E7A4F7556}") = "Lesson8.Classwork", "Lesson8.Classwork\Lesson8.Classwork.csproj", "{8C157E17-7D60-4106-8C64-23DCD88F9415}"
EndProject
Project("{FAE04EC0-301F-11D3-BF4B-00C04F79EFBC}") = "Lesson8.Homework", "Lesson8.Homework\Lesson8.Homework.csproj", "{DD33C04B-9D32-454D-BDEA-F57D00BE89A3}"
EndProject
Global
	GlobalSection(SolutionConfigurationPlatforms) = preSolution
		Debug|Any CPU = Debug|Any CPU
		Release|Any CPU = Release|Any CPU
	EndGlobalSection
	GlobalSection(ProjectConfigurationPlatforms) = postSolution
		{8C157E17-7D60-4106-8C64-23DCD88F9415}.Debug|Any CPU.ActiveCfg = Debug|Any CPU
		{8C157E17-7D60-4106-8C64-23DCD88F9415}.Debug|Any CPU.Build.0 = Debug|Any CPU
		{8C157E17-7D60-4106-8C64-23DCD88F9415}.Release|Any CPU.ActiveCfg = Release|Any CPU
		{8C157E17-7D60-4106-8C64-23DCD88F9415}.Release|Any CPU.Build.0 = Release|Any CPU
		{DD33C04B-9D32-454D-BDEA-F57D00BE89A3}.Debug|Any CPU.ActiveCfg = Debug|Any CPU
		{DD33C04B-9D32-454D-BDEA-F57D00BE89A3}.Debug|Any CPU.Build.0 = Debug|Any CPU
		{DD33C04B-9D32-454D-BDEA-F57D00BE89A3}.Release|Any CPU.ActiveCfg = Release|Any CPU
		{DD33C04B-9D32-454D-BDEA-F57D00BE89A3}.Release|Any CPU.Build.0 = Release|Any CPU
	EndGlobalSection
	GlobalSection(SolutionProperties) = preSolution
		HideSolutionNode = FALSE
	EndGlobalSection
	GlobalSection(ExtensibilityGlobals) = postSolution
		SolutionGuid = {01A19562-EE28-4341-921F-11F44ABEB583}
	EndGlobalSection
EndGlobal
