
Microsoft Visual Studio Solution File, Format Version 12.00
# Visual Studio Version 17
VisualStudioVersion = 17.4.33122.133
MinimumVisualStudioVersion = 10.0.40219.1
Project("{9A19103F-16F7-4668-BE54-9A1E7A4F7556}") = "Lesson3 Classwork", "Lesson3 Classwork\Lesson3 Classwork.csproj", "{44FBB0B5-43F7-4AA4-A6AD-65117D3A95C1}"
EndProject
Project("{FAE04EC0-301F-11D3-BF4B-00C04F79EFBC}") = "Lesson3 Hometask", "Lesson3 Hometask\Lesson3 Hometask.csproj", "{701C61AE-C6CD-49E4-9A8B-0C6F5C9AFB67}"
EndProject
Project("{FAE04EC0-301F-11D3-BF4B-00C04F79EFBC}") = "Lesson3 Game", "Lesson3 Game\Lesson3 Game.csproj", "{95B13482-9693-431C-8260-0EC85B1C9B8B}"
EndProject
Global
	GlobalSection(SolutionConfigurationPlatforms) = preSolution
		Debug|Any CPU = Debug|Any CPU
		Release|Any CPU = Release|Any CPU
	EndGlobalSection
	GlobalSection(ProjectConfigurationPlatforms) = postSolution
		{44FBB0B5-43F7-4AA4-A6AD-65117D3A95C1}.Debug|Any CPU.ActiveCfg = Debug|Any CPU
		{44FBB0B5-43F7-4AA4-A6AD-65117D3A95C1}.Debug|Any CPU.Build.0 = Debug|Any CPU
		{44FBB0B5-43F7-4AA4-A6AD-65117D3A95C1}.Release|Any CPU.ActiveCfg = Release|Any CPU
		{44FBB0B5-43F7-4AA4-A6AD-65117D3A95C1}.Release|Any CPU.Build.0 = Release|Any CPU
		{701C61AE-C6CD-49E4-9A8B-0C6F5C9AFB67}.Debug|Any CPU.ActiveCfg = Debug|Any CPU
		{701C61AE-C6CD-49E4-9A8B-0C6F5C9AFB67}.Debug|Any CPU.Build.0 = Debug|Any CPU
		{701C61AE-C6CD-49E4-9A8B-0C6F5C9AFB67}.Release|Any CPU.ActiveCfg = Release|Any CPU
		{701C61AE-C6CD-49E4-9A8B-0C6F5C9AFB67}.Release|Any CPU.Build.0 = Release|Any CPU
		{95B13482-9693-431C-8260-0EC85B1C9B8B}.Debug|Any CPU.ActiveCfg = Debug|Any CPU
		{95B13482-9693-431C-8260-0EC85B1C9B8B}.Debug|Any CPU.Build.0 = Debug|Any CPU
		{95B13482-9693-431C-8260-0EC85B1C9B8B}.Release|Any CPU.ActiveCfg = Release|Any CPU
		{95B13482-9693-431C-8260-0EC85B1C9B8B}.Release|Any CPU.Build.0 = Release|Any CPU
	EndGlobalSection
	GlobalSection(SolutionProperties) = preSolution
		HideSolutionNode = FALSE
	EndGlobalSection
	GlobalSection(ExtensibilityGlobals) = postSolution
		SolutionGuid = {64D9B9CA-C586-4233-8D54-88B40BCA1998}
	EndGlobalSection
EndGlobal