
Microsoft Visual Studio Solution File, Format Version 12.00
# Visual Studio Version 17
VisualStudioVersion = 17.4.33122.133
MinimumVisualStudioVersion = 10.0.40219.1
Project("{FAE04EC0-301F-11D3-BF4B-00C04F79EFBC}") = "Lesson_14.Homework", "Lesson_14.Homework\Lesson_14.Homework.csproj", "{56C6B0C2-FF90-4263-BB10-FFD8EA889DE1}"
EndProject
Global
	GlobalSection(SolutionConfigurationPlatforms) = preSolution
		Debug|Any CPU = Debug|Any CPU
		Release|Any CPU = Release|Any CPU
	EndGlobalSection
	GlobalSection(ProjectConfigurationPlatforms) = postSolution
		{56C6B0C2-FF90-4263-BB10-FFD8EA889DE1}.Debug|Any CPU.ActiveCfg = Debug|Any CPU
		{56C6B0C2-FF90-4263-BB10-FFD8EA889DE1}.Debug|Any CPU.Build.0 = Debug|Any CPU
		{56C6B0C2-FF90-4263-BB10-FFD8EA889DE1}.Release|Any CPU.ActiveCfg = Release|Any CPU
		{56C6B0C2-FF90-4263-BB10-FFD8EA889DE1}.Release|Any CPU.Build.0 = Release|Any CPU
	EndGlobalSection
	GlobalSection(SolutionProperties) = preSolution
		HideSolutionNode = FALSE
	EndGlobalSection
	GlobalSection(ExtensibilityGlobals) = postSolution
		SolutionGuid = {F9AFEE9E-BA8A-46B8-AB87-522C155EC8A5}
	EndGlobalSection
EndGlobal
