
Microsoft Visual Studio Solution File, Format Version 12.00
# Visual Studio Version 17
VisualStudioVersion = 17.4.33122.133
MinimumVisualStudioVersion = 10.0.40219.1
Project("{9A19103F-16F7-4668-BE54-9A1E7A4F7556}") = "Lesson11.Classwork", "Lesson11.Classwork\Lesson11.Classwork.csproj", "{591B1480-0F44-4E72-8F39-9E060CB30478}"
EndProject
Project("{9A19103F-16F7-4668-BE54-9A1E7A4F7556}") = "Lesson11.BusinessLogic", "Lesson11.BusinessLogic\Lesson11.BusinessLogic.csproj", "{80A0BB3B-8A3D-47F4-8C3E-AF2449B410DF}"
EndProject
Project("{FAE04EC0-301F-11D3-BF4B-00C04F79EFBC}") = "Lesson11.Homework", "Lesson11.Homework\Lesson11.Homework.csproj", "{19CAA8DF-BC70-4FA8-BD11-974DB0C54677}"
EndProject
Global
	GlobalSection(SolutionConfigurationPlatforms) = preSolution
		Debug|Any CPU = Debug|Any CPU
		Release|Any CPU = Release|Any CPU
	EndGlobalSection
	GlobalSection(ProjectConfigurationPlatforms) = postSolution
		{591B1480-0F44-4E72-8F39-9E060CB30478}.Debug|Any CPU.ActiveCfg = Debug|Any CPU
		{591B1480-0F44-4E72-8F39-9E060CB30478}.Debug|Any CPU.Build.0 = Debug|Any CPU
		{591B1480-0F44-4E72-8F39-9E060CB30478}.Release|Any CPU.ActiveCfg = Release|Any CPU
		{591B1480-0F44-4E72-8F39-9E060CB30478}.Release|Any CPU.Build.0 = Release|Any CPU
		{80A0BB3B-8A3D-47F4-8C3E-AF2449B410DF}.Debug|Any CPU.ActiveCfg = Debug|Any CPU
		{80A0BB3B-8A3D-47F4-8C3E-AF2449B410DF}.Debug|Any CPU.Build.0 = Debug|Any CPU
		{80A0BB3B-8A3D-47F4-8C3E-AF2449B410DF}.Release|Any CPU.ActiveCfg = Release|Any CPU
		{80A0BB3B-8A3D-47F4-8C3E-AF2449B410DF}.Release|Any CPU.Build.0 = Release|Any CPU
		{19CAA8DF-BC70-4FA8-BD11-974DB0C54677}.Debug|Any CPU.ActiveCfg = Debug|Any CPU
		{19CAA8DF-BC70-4FA8-BD11-974DB0C54677}.Debug|Any CPU.Build.0 = Debug|Any CPU
		{19CAA8DF-BC70-4FA8-BD11-974DB0C54677}.Release|Any CPU.ActiveCfg = Release|Any CPU
		{19CAA8DF-BC70-4FA8-BD11-974DB0C54677}.Release|Any CPU.Build.0 = Release|Any CPU
	EndGlobalSection
	GlobalSection(SolutionProperties) = preSolution
		HideSolutionNode = FALSE
	EndGlobalSection
	GlobalSection(ExtensibilityGlobals) = postSolution
		SolutionGuid = {E3A68563-DA56-4557-BE18-38E7003E93C8}
	EndGlobalSection
EndGlobal
