
Microsoft Visual Studio Solution File, Format Version 12.00
# Visual Studio Version 17
VisualStudioVersion = 17.4.33122.133
MinimumVisualStudioVersion = 10.0.40219.1
Project("{FAE04EC0-301F-11D3-BF4B-00C04F79EFBC}") = "Lesson35", "Lesson35.csproj", "{A7156C6F-8FAB-42BE-9874-AE4EAC53B7D3}"
EndProject
Global
	GlobalSection(SolutionConfigurationPlatforms) = preSolution
		Debug|Any CPU = Debug|Any CPU
		Release|Any CPU = Release|Any CPU
	EndGlobalSection
	GlobalSection(ProjectConfigurationPlatforms) = postSolution
		{A7156C6F-8FAB-42BE-9874-AE4EAC53B7D3}.Debug|Any CPU.ActiveCfg = Debug|Any CPU
		{A7156C6F-8FAB-42BE-9874-AE4EAC53B7D3}.Debug|Any CPU.Build.0 = Debug|Any CPU
		{A7156C6F-8FAB-42BE-9874-AE4EAC53B7D3}.Release|Any CPU.ActiveCfg = Release|Any CPU
		{A7156C6F-8FAB-42BE-9874-AE4EAC53B7D3}.Release|Any CPU.Build.0 = Release|Any CPU
	EndGlobalSection
	GlobalSection(SolutionProperties) = preSolution
		HideSolutionNode = FALSE
	EndGlobalSection
	GlobalSection(ExtensibilityGlobals) = postSolution
		SolutionGuid = {16E79BAE-A08B-4E98-A114-4BAE0B06BF85}
	EndGlobalSection
EndGlobal
