
Microsoft Visual Studio Solution File, Format Version 12.00
# Visual Studio Version 17
VisualStudioVersion = 17.4.33122.133
MinimumVisualStudioVersion = 10.0.40219.1
Project("{FAE04EC0-301F-11D3-BF4B-00C04F79EFBC}") = "Lesson6.Homework", "Lesson6.Homework.csproj", "{02964F1A-7868-41E3-951E-3DC01BFC1C28}"
EndProject
Global
	GlobalSection(SolutionConfigurationPlatforms) = preSolution
		Debug|Any CPU = Debug|Any CPU
		Release|Any CPU = Release|Any CPU
	EndGlobalSection
	GlobalSection(ProjectConfigurationPlatforms) = postSolution
		{02964F1A-7868-41E3-951E-3DC01BFC1C28}.Debug|Any CPU.ActiveCfg = Debug|Any CPU
		{02964F1A-7868-41E3-951E-3DC01BFC1C28}.Debug|Any CPU.Build.0 = Debug|Any CPU
		{02964F1A-7868-41E3-951E-3DC01BFC1C28}.Release|Any CPU.ActiveCfg = Release|Any CPU
		{02964F1A-7868-41E3-951E-3DC01BFC1C28}.Release|Any CPU.Build.0 = Release|Any CPU
	EndGlobalSection
	GlobalSection(SolutionProperties) = preSolution
		HideSolutionNode = FALSE
	EndGlobalSection
	GlobalSection(ExtensibilityGlobals) = postSolution
		SolutionGuid = {EACFE756-03B5-47DF-A812-ED83D18367E3}
	EndGlobalSection
EndGlobal
