
Microsoft Visual Studio Solution File, Format Version 12.00
# Visual Studio Version 17
VisualStudioVersion = 17.4.33122.133
MinimumVisualStudioVersion = 10.0.40219.1
Project("{FAE04EC0-301F-11D3-BF4B-00C04F79EFBC}") = "Lesson 3 - Classwork", "Lesson 3 - Classwork.csproj", "{833EBB20-277E-40A7-A74D-E137399AE746}"
EndProject
Global
	GlobalSection(SolutionConfigurationPlatforms) = preSolution
		Debug|Any CPU = Debug|Any CPU
		Release|Any CPU = Release|Any CPU
	EndGlobalSection
	GlobalSection(ProjectConfigurationPlatforms) = postSolution
		{833EBB20-277E-40A7-A74D-E137399AE746}.Debug|Any CPU.ActiveCfg = Debug|Any CPU
		{833EBB20-277E-40A7-A74D-E137399AE746}.Debug|Any CPU.Build.0 = Debug|Any CPU
		{833EBB20-277E-40A7-A74D-E137399AE746}.Release|Any CPU.ActiveCfg = Release|Any CPU
		{833EBB20-277E-40A7-A74D-E137399AE746}.Release|Any CPU.Build.0 = Release|Any CPU
	EndGlobalSection
	GlobalSection(SolutionProperties) = preSolution
		HideSolutionNode = FALSE
	EndGlobalSection
	GlobalSection(ExtensibilityGlobals) = postSolution
		SolutionGuid = {9A348973-DF18-4319-852D-D31BAEA47C2C}
	EndGlobalSection
EndGlobal
