
Microsoft Visual Studio Solution File, Format Version 12.00
# Visual Studio Version 17
VisualStudioVersion = 17.4.33122.133
MinimumVisualStudioVersion = 10.0.40219.1
Project("{FAE04EC0-301F-11D3-BF4B-00C04F79EFBC}") = "Lesson_4.ClassWork", "Lesson_4.ClassWork\Lesson_4.ClassWork.csproj", "{DA0AF4B5-1D2B-45B5-A095-7BE03C6ECEA3}"
EndProject
Project("{FAE04EC0-301F-11D3-BF4B-00C04F79EFBC}") = "Lesson_4.Homework", "Lesson_4.Homework\Lesson_4.Homework.csproj", "{B519DA6C-23F0-402F-B98E-82BE691F5F77}"
EndProject
Global
	GlobalSection(SolutionConfigurationPlatforms) = preSolution
		Debug|Any CPU = Debug|Any CPU
		Release|Any CPU = Release|Any CPU
	EndGlobalSection
	GlobalSection(ProjectConfigurationPlatforms) = postSolution
		{DA0AF4B5-1D2B-45B5-A095-7BE03C6ECEA3}.Debug|Any CPU.ActiveCfg = Debug|Any CPU
		{DA0AF4B5-1D2B-45B5-A095-7BE03C6ECEA3}.Debug|Any CPU.Build.0 = Debug|Any CPU
		{DA0AF4B5-1D2B-45B5-A095-7BE03C6ECEA3}.Release|Any CPU.ActiveCfg = Release|Any CPU
		{DA0AF4B5-1D2B-45B5-A095-7BE03C6ECEA3}.Release|Any CPU.Build.0 = Release|Any CPU
		{B519DA6C-23F0-402F-B98E-82BE691F5F77}.Debug|Any CPU.ActiveCfg = Debug|Any CPU
		{B519DA6C-23F0-402F-B98E-82BE691F5F77}.Debug|Any CPU.Build.0 = Debug|Any CPU
		{B519DA6C-23F0-402F-B98E-82BE691F5F77}.Release|Any CPU.ActiveCfg = Release|Any CPU
		{B519DA6C-23F0-402F-B98E-82BE691F5F77}.Release|Any CPU.Build.0 = Release|Any CPU
	EndGlobalSection
	GlobalSection(SolutionProperties) = preSolution
		HideSolutionNode = FALSE
	EndGlobalSection
	GlobalSection(ExtensibilityGlobals) = postSolution
		SolutionGuid = {025FE337-96A5-42E1-B863-3C5AB11F4434}
	EndGlobalSection
EndGlobal
