
Microsoft Visual Studio Solution File, Format Version 12.00
# Visual Studio Version 17
VisualStudioVersion = 17.4.33122.133
MinimumVisualStudioVersion = 10.0.40219.1
Project("{FAE04EC0-301F-11D3-BF4B-00C04F79EFBC}") = "Lesson 2", "Lesson 2\Lesson 2.csproj", "{EA02946C-67E5-4577-BB82-D07BF09EDA86}"
EndProject
Global
	GlobalSection(SolutionConfigurationPlatforms) = preSolution
		Debug|Any CPU = Debug|Any CPU
		Release|Any CPU = Release|Any CPU
	EndGlobalSection
	GlobalSection(ProjectConfigurationPlatforms) = postSolution
		{EA02946C-67E5-4577-BB82-D07BF09EDA86}.Debug|Any CPU.ActiveCfg = Debug|Any CPU
		{EA02946C-67E5-4577-BB82-D07BF09EDA86}.Debug|Any CPU.Build.0 = Debug|Any CPU
		{EA02946C-67E5-4577-BB82-D07BF09EDA86}.Release|Any CPU.ActiveCfg = Release|Any CPU
		{EA02946C-67E5-4577-BB82-D07BF09EDA86}.Release|Any CPU.Build.0 = Release|Any CPU
	EndGlobalSection
	GlobalSection(SolutionProperties) = preSolution
		HideSolutionNode = FALSE
	EndGlobalSection
	GlobalSection(ExtensibilityGlobals) = postSolution
		SolutionGuid = {A53BD5E0-C2CB-4784-8E4F-E53F84ECEBDD}
	EndGlobalSection
EndGlobal
