
Microsoft Visual Studio Solution File, Format Version 12.00
# Visual Studio Version 17
VisualStudioVersion = 17.4.33205.214
MinimumVisualStudioVersion = 10.0.40219.1
Project("{E24C65DC-7377-472B-9ABA-BC803B73C61A}") = "Lesson31", ".", "{9678C767-B965-4F73-91A1-8D933C74D438}"
	ProjectSection(WebsiteProperties) = preProject
		TargetFrameworkMoniker = ".NETFramework,Version%3Dv4.8"
		Debug.AspNetCompiler.VirtualPath = "/localhost_58630"
		Debug.AspNetCompiler.PhysicalPath = "..\Lesson31\"
		Debug.AspNetCompiler.TargetPath = "PrecompiledWeb\localhost_58630\"
		Debug.AspNetCompiler.Updateable = "true"
		Debug.AspNetCompiler.ForceOverwrite = "true"
		Debug.AspNetCompiler.FixedNames = "false"
		Debug.AspNetCompiler.Debug = "True"
		Release.AspNetCompiler.VirtualPath = "/localhost_58630"
		Release.AspNetCompiler.PhysicalPath = "..\Lesson31\"
		Release.AspNetCompiler.TargetPath = "PrecompiledWeb\localhost_58630\"
		Release.AspNetCompiler.Updateable = "true"
		Release.AspNetCompiler.ForceOverwrite = "true"
		Release.AspNetCompiler.FixedNames = "false"
		Release.AspNetCompiler.Debug = "False"
		VWDPort = "58630"
		SlnRelativePath = "..\Lesson31\"
	EndProjectSection
EndProject
Global
	GlobalSection(SolutionConfigurationPlatforms) = preSolution
		Debug|Any CPU = Debug|Any CPU
	EndGlobalSection
	GlobalSection(ProjectConfigurationPlatforms) = postSolution
		{9678C767-B965-4F73-91A1-8D933C74D438}.Debug|Any CPU.ActiveCfg = Debug|Any CPU
		{9678C767-B965-4F73-91A1-8D933C74D438}.Debug|Any CPU.Build.0 = Debug|Any CPU
	EndGlobalSection
	GlobalSection(SolutionProperties) = preSolution
		HideSolutionNode = FALSE
	EndGlobalSection
	GlobalSection(ExtensibilityGlobals) = postSolution
		SolutionGuid = {0D29E4E4-11CF-4A20-A338-887E4626758C}
	EndGlobalSection
EndGlobal
