
Microsoft Visual Studio Solution File, Format Version 12.00
# Visual Studio Version 17
VisualStudioVersion = 17.4.33122.133
MinimumVisualStudioVersion = 10.0.40219.1
Project("{FAE04EC0-301F-11D3-BF4B-00C04F79EFBC}") = "Homework 6", "Homework 6\Homework 6.csproj", "{1D9ACC31-0261-4706-9473-51424E869918}"
EndProject
Global
	GlobalSection(SolutionConfigurationPlatforms) = preSolution
		Debug|Any CPU = Debug|Any CPU
		Release|Any CPU = Release|Any CPU
	EndGlobalSection
	GlobalSection(ProjectConfigurationPlatforms) = postSolution
		{1D9ACC31-0261-4706-9473-51424E869918}.Debug|Any CPU.ActiveCfg = Debug|Any CPU
		{1D9ACC31-0261-4706-9473-51424E869918}.Debug|Any CPU.Build.0 = Debug|Any CPU
		{1D9ACC31-0261-4706-9473-51424E869918}.Release|Any CPU.ActiveCfg = Release|Any CPU
		{1D9ACC31-0261-4706-9473-51424E869918}.Release|Any CPU.Build.0 = Release|Any CPU
	EndGlobalSection
	GlobalSection(SolutionProperties) = preSolution
		HideSolutionNode = FALSE
	EndGlobalSection
	GlobalSection(ExtensibilityGlobals) = postSolution
		SolutionGuid = {6DDA4C66-486B-4016-A2A6-C5AE360C7E77}
	EndGlobalSection
EndGlobal
