
Microsoft Visual Studio Solution File, Format Version 12.00
# Visual Studio Version 17
VisualStudioVersion = 17.4.33122.133
MinimumVisualStudioVersion = 10.0.40219.1
Project("{FAE04EC0-301F-11D3-BF4B-00C04F79EFBC}") = "HomeWork_5", "HomeWork_5.csproj", "{06941A8C-422C-446F-9CF1-63390771E660}"
EndProject
Global
	GlobalSection(SolutionConfigurationPlatforms) = preSolution
		Debug|Any CPU = Debug|Any CPU
		Release|Any CPU = Release|Any CPU
	EndGlobalSection
	GlobalSection(ProjectConfigurationPlatforms) = postSolution
		{06941A8C-422C-446F-9CF1-63390771E660}.Debug|Any CPU.ActiveCfg = Debug|Any CPU
		{06941A8C-422C-446F-9CF1-63390771E660}.Debug|Any CPU.Build.0 = Debug|Any CPU
		{06941A8C-422C-446F-9CF1-63390771E660}.Release|Any CPU.ActiveCfg = Release|Any CPU
		{06941A8C-422C-446F-9CF1-63390771E660}.Release|Any CPU.Build.0 = Release|Any CPU
	EndGlobalSection
	GlobalSection(SolutionProperties) = preSolution
		HideSolutionNode = FALSE
	EndGlobalSection
	GlobalSection(ExtensibilityGlobals) = postSolution
		SolutionGuid = {DA14539C-BF53-43FA-8831-96BEF3708982}
	EndGlobalSection
EndGlobal
