
Microsoft Visual Studio Solution File, Format Version 12.00
# Visual Studio Version 17
VisualStudioVersion = 17.4.33122.133
MinimumVisualStudioVersion = 10.0.40219.1
Project("{FAE04EC0-301F-11D3-BF4B-00C04F79EFBC}") = "HomeWork_4", "HomeWork_4.csproj", "{0356EB03-AD3F-440A-9176-35E6AC3F5109}"
EndProject
Global
	GlobalSection(SolutionConfigurationPlatforms) = preSolution
		Debug|Any CPU = Debug|Any CPU
		Release|Any CPU = Release|Any CPU
	EndGlobalSection
	GlobalSection(ProjectConfigurationPlatforms) = postSolution
		{0356EB03-AD3F-440A-9176-35E6AC3F5109}.Debug|Any CPU.ActiveCfg = Debug|Any CPU
		{0356EB03-AD3F-440A-9176-35E6AC3F5109}.Debug|Any CPU.Build.0 = Debug|Any CPU
		{0356EB03-AD3F-440A-9176-35E6AC3F5109}.Release|Any CPU.ActiveCfg = Release|Any CPU
		{0356EB03-AD3F-440A-9176-35E6AC3F5109}.Release|Any CPU.Build.0 = Release|Any CPU
	EndGlobalSection
	GlobalSection(SolutionProperties) = preSolution
		HideSolutionNode = FALSE
	EndGlobalSection
	GlobalSection(ExtensibilityGlobals) = postSolution
		SolutionGuid = {F3C927DE-828B-43C0-A8C9-78A76C51BFBD}
	EndGlobalSection
EndGlobal
