
Microsoft Visual Studio Solution File, Format Version 12.00
# Visual Studio Version 17
VisualStudioVersion = 17.0.32112.339
MinimumVisualStudioVersion = 10.0.40219.1
Project("{FAE04EC0-301F-11D3-BF4B-00C04F79EFBC}") = "Lesson13.HomeWork", "Lesson13.HomeWork\Lesson13.HomeWork.csproj", "{E4723233-B40F-4955-8E45-0A4248CA2DFE}"
EndProject
Global
	GlobalSection(SolutionConfigurationPlatforms) = preSolution
		Debug|Any CPU = Debug|Any CPU
		Release|Any CPU = Release|Any CPU
	EndGlobalSection
	GlobalSection(ProjectConfigurationPlatforms) = postSolution
		{E4723233-B40F-4955-8E45-0A4248CA2DFE}.Debug|Any CPU.ActiveCfg = Debug|Any CPU
		{E4723233-B40F-4955-8E45-0A4248CA2DFE}.Debug|Any CPU.Build.0 = Debug|Any CPU
		{E4723233-B40F-4955-8E45-0A4248CA2DFE}.Release|Any CPU.ActiveCfg = Release|Any CPU
		{E4723233-B40F-4955-8E45-0A4248CA2DFE}.Release|Any CPU.Build.0 = Release|Any CPU
	EndGlobalSection
	GlobalSection(SolutionProperties) = preSolution
		HideSolutionNode = FALSE
	EndGlobalSection
	GlobalSection(ExtensibilityGlobals) = postSolution
		SolutionGuid = {34F0B2B7-F805-4B66-A41B-7EFA6C2EB919}
	EndGlobalSection
EndGlobal
