
Microsoft Visual Studio Solution File, Format Version 12.00
# Visual Studio Version 17
VisualStudioVersion = 17.4.33122.133
MinimumVisualStudioVersion = 10.0.40219.1
Project("{FAE04EC0-301F-11D3-BF4B-00C04F79EFBC}") = "Lesson34", "Lesson34.csproj", "{1A2CD16B-7BC6-491A-A586-0B507CC02BA6}"
EndProject
Global
	GlobalSection(SolutionConfigurationPlatforms) = preSolution
		Debug|Any CPU = Debug|Any CPU
		Release|Any CPU = Release|Any CPU
	EndGlobalSection
	GlobalSection(ProjectConfigurationPlatforms) = postSolution
		{1A2CD16B-7BC6-491A-A586-0B507CC02BA6}.Debug|Any CPU.ActiveCfg = Debug|Any CPU
		{1A2CD16B-7BC6-491A-A586-0B507CC02BA6}.Debug|Any CPU.Build.0 = Debug|Any CPU
		{1A2CD16B-7BC6-491A-A586-0B507CC02BA6}.Release|Any CPU.ActiveCfg = Release|Any CPU
		{1A2CD16B-7BC6-491A-A586-0B507CC02BA6}.Release|Any CPU.Build.0 = Release|Any CPU
	EndGlobalSection
	GlobalSection(SolutionProperties) = preSolution
		HideSolutionNode = FALSE
	EndGlobalSection
	GlobalSection(ExtensibilityGlobals) = postSolution
		SolutionGuid = {B514EB71-4E0D-436F-9E5F-6A2571CEF069}
	EndGlobalSection
EndGlobal
