
Microsoft Visual Studio Solution File, Format Version 12.00
# Visual Studio Version 17
VisualStudioVersion = 17.3.32929.385
MinimumVisualStudioVersion = 10.0.40219.1
Project("{FAE04EC0-301F-11D3-BF4B-00C04F79EFBC}") = "Lesson10.Homework", "Lesson10.Homework\Lesson10.Homework.csproj", "{ACC2810F-03ED-412E-9FAD-1716D073409E}"
EndProject
Global
	GlobalSection(SolutionConfigurationPlatforms) = preSolution
		Debug|Any CPU = Debug|Any CPU
		Release|Any CPU = Release|Any CPU
	EndGlobalSection
	GlobalSection(ProjectConfigurationPlatforms) = postSolution
		{ACC2810F-03ED-412E-9FAD-1716D073409E}.Debug|Any CPU.ActiveCfg = Debug|Any CPU
		{ACC2810F-03ED-412E-9FAD-1716D073409E}.Debug|Any CPU.Build.0 = Debug|Any CPU
		{ACC2810F-03ED-412E-9FAD-1716D073409E}.Release|Any CPU.ActiveCfg = Release|Any CPU
		{ACC2810F-03ED-412E-9FAD-1716D073409E}.Release|Any CPU.Build.0 = Release|Any CPU
	EndGlobalSection
	GlobalSection(SolutionProperties) = preSolution
		HideSolutionNode = FALSE
	EndGlobalSection
	GlobalSection(ExtensibilityGlobals) = postSolution
		SolutionGuid = {CCAF9F1B-31DE-4927-8FBE-50B15EF0C18E}
	EndGlobalSection
EndGlobal
