
Microsoft Visual Studio Solution File, Format Version 12.00
# Visual Studio Version 17
VisualStudioVersion = 17.3.32929.385
MinimumVisualStudioVersion = 10.0.40219.1
Project("{FAE04EC0-301F-11D3-BF4B-00C04F79EFBC}") = "Lesson10.Classwork", "Lesson10.Classwork\Lesson10.Classwork.csproj", "{57A0A87C-97DA-4A27-BCB4-996D5A1FE77C}"
EndProject
Global
	GlobalSection(SolutionConfigurationPlatforms) = preSolution
		Debug|Any CPU = Debug|Any CPU
		Release|Any CPU = Release|Any CPU
	EndGlobalSection
	GlobalSection(ProjectConfigurationPlatforms) = postSolution
		{57A0A87C-97DA-4A27-BCB4-996D5A1FE77C}.Debug|Any CPU.ActiveCfg = Debug|Any CPU
		{57A0A87C-97DA-4A27-BCB4-996D5A1FE77C}.Debug|Any CPU.Build.0 = Debug|Any CPU
		{57A0A87C-97DA-4A27-BCB4-996D5A1FE77C}.Release|Any CPU.ActiveCfg = Release|Any CPU
		{57A0A87C-97DA-4A27-BCB4-996D5A1FE77C}.Release|Any CPU.Build.0 = Release|Any CPU
	EndGlobalSection
	GlobalSection(SolutionProperties) = preSolution
		HideSolutionNode = FALSE
	EndGlobalSection
	GlobalSection(ExtensibilityGlobals) = postSolution
		SolutionGuid = {FFF48311-7778-49D6-847A-0B091D03764B}
	EndGlobalSection
EndGlobal
