
Microsoft Visual Studio Solution File, Format Version 12.00
# Visual Studio Version 17
VisualStudioVersion = 17.4.33122.133
MinimumVisualStudioVersion = 10.0.40219.1
Project("{FAE04EC0-301F-11D3-BF4B-00C04F79EFBC}") = "Lesson8.ClassWork", "Lesson8.ClassWork\Lesson8.ClassWork.csproj", "{670EC926-CFEE-4357-B4CF-970AC266E78D}"
EndProject
Global
	GlobalSection(SolutionConfigurationPlatforms) = preSolution
		Debug|Any CPU = Debug|Any CPU
		Release|Any CPU = Release|Any CPU
	EndGlobalSection
	GlobalSection(ProjectConfigurationPlatforms) = postSolution
		{670EC926-CFEE-4357-B4CF-970AC266E78D}.Debug|Any CPU.ActiveCfg = Debug|Any CPU
		{670EC926-CFEE-4357-B4CF-970AC266E78D}.Debug|Any CPU.Build.0 = Debug|Any CPU
		{670EC926-CFEE-4357-B4CF-970AC266E78D}.Release|Any CPU.ActiveCfg = Release|Any CPU
		{670EC926-CFEE-4357-B4CF-970AC266E78D}.Release|Any CPU.Build.0 = Release|Any CPU
	EndGlobalSection
	GlobalSection(SolutionProperties) = preSolution
		HideSolutionNode = FALSE
	EndGlobalSection
	GlobalSection(ExtensibilityGlobals) = postSolution
		SolutionGuid = {A7FE21E2-2CC5-4F2B-A537-0FBC094D7FCE}
	EndGlobalSection
EndGlobal
