
Microsoft Visual Studio Solution File, Format Version 12.00
# Visual Studio Version 16
VisualStudioVersion = 25.0.1704.0
MinimumVisualStudioVersion = 10.0.40219.1
Project("{FAE04EC0-301F-11D3-BF4B-00C04F79EFBC}") = "Lesson13.Homework", "Lesson13.Homework.csproj", "{3E9A1FE9-4BD3-4A24-A647-B8C92340AACC}"
EndProject
Global
	GlobalSection(SolutionConfigurationPlatforms) = preSolution
		Debug|Any CPU = Debug|Any CPU
		Release|Any CPU = Release|Any CPU
	EndGlobalSection
	GlobalSection(ProjectConfigurationPlatforms) = postSolution
		{3E9A1FE9-4BD3-4A24-A647-B8C92340AACC}.Debug|Any CPU.ActiveCfg = Debug|Any CPU
		{3E9A1FE9-4BD3-4A24-A647-B8C92340AACC}.Debug|Any CPU.Build.0 = Debug|Any CPU
		{3E9A1FE9-4BD3-4A24-A647-B8C92340AACC}.Release|Any CPU.ActiveCfg = Release|Any CPU
		{3E9A1FE9-4BD3-4A24-A647-B8C92340AACC}.Release|Any CPU.Build.0 = Release|Any CPU
	EndGlobalSection
	GlobalSection(SolutionProperties) = preSolution
		HideSolutionNode = FALSE
	EndGlobalSection
	GlobalSection(ExtensibilityGlobals) = postSolution
		SolutionGuid = {0DEDE756-A667-4F4E-928E-4CC1A507B35D}
	EndGlobalSection
EndGlobal
