
Microsoft Visual Studio Solution File, Format Version 12.00
# Visual Studio Version 17
VisualStudioVersion = 17.4.33122.133
MinimumVisualStudioVersion = 10.0.40219.1
Project("{FAE04EC0-301F-11D3-BF4B-00C04F79EFBC}") = "Homework9", "Homework9.csproj", "{1D1B38DB-F7B3-4E61-A5FD-182DA01D1153}"
EndProject
Global
	GlobalSection(SolutionConfigurationPlatforms) = preSolution
		Debug|Any CPU = Debug|Any CPU
		Release|Any CPU = Release|Any CPU
	EndGlobalSection
	GlobalSection(ProjectConfigurationPlatforms) = postSolution
		{1D1B38DB-F7B3-4E61-A5FD-182DA01D1153}.Debug|Any CPU.ActiveCfg = Debug|Any CPU
		{1D1B38DB-F7B3-4E61-A5FD-182DA01D1153}.Debug|Any CPU.Build.0 = Debug|Any CPU
		{1D1B38DB-F7B3-4E61-A5FD-182DA01D1153}.Release|Any CPU.ActiveCfg = Release|Any CPU
		{1D1B38DB-F7B3-4E61-A5FD-182DA01D1153}.Release|Any CPU.Build.0 = Release|Any CPU
	EndGlobalSection
	GlobalSection(SolutionProperties) = preSolution
		HideSolutionNode = FALSE
	EndGlobalSection
	GlobalSection(ExtensibilityGlobals) = postSolution
		SolutionGuid = {22D73547-6AB2-468F-9281-B0A8F907E747}
	EndGlobalSection
EndGlobal
