
Microsoft Visual Studio Solution File, Format Version 12.00
# Visual Studio Version 17
VisualStudioVersion = 17.2.32630.192
MinimumVisualStudioVersion = 10.0.40219.1
Project("{FAE04EC0-301F-11D3-BF4B-00C04F79EFBC}") = "Lesson8.Classwork", "Lesson8.Classwork\Lesson8.Classwork.csproj", "{F8E99202-4938-4250-80D7-8957A3A90BCE}"
EndProject
Project("{FAE04EC0-301F-11D3-BF4B-00C04F79EFBC}") = "Lesson8.PhoneBook", "Lesson8.PhoneBook\Lesson8.PhoneBook.csproj", "{AE1068DF-7CA9-4189-8E91-29B847CAA56D}"
EndProject
Global
	GlobalSection(SolutionConfigurationPlatforms) = preSolution
		Debug|Any CPU = Debug|Any CPU
		Release|Any CPU = Release|Any CPU
	EndGlobalSection
	GlobalSection(ProjectConfigurationPlatforms) = postSolution
		{F8E99202-4938-4250-80D7-8957A3A90BCE}.Debug|Any CPU.ActiveCfg = Debug|Any CPU
		{F8E99202-4938-4250-80D7-8957A3A90BCE}.Debug|Any CPU.Build.0 = Debug|Any CPU
		{F8E99202-4938-4250-80D7-8957A3A90BCE}.Release|Any CPU.ActiveCfg = Release|Any CPU
		{F8E99202-4938-4250-80D7-8957A3A90BCE}.Release|Any CPU.Build.0 = Release|Any CPU
		{AE1068DF-7CA9-4189-8E91-29B847CAA56D}.Debug|Any CPU.ActiveCfg = Debug|Any CPU
		{AE1068DF-7CA9-4189-8E91-29B847CAA56D}.Debug|Any CPU.Build.0 = Debug|Any CPU
		{AE1068DF-7CA9-4189-8E91-29B847CAA56D}.Release|Any CPU.ActiveCfg = Release|Any CPU
		{AE1068DF-7CA9-4189-8E91-29B847CAA56D}.Release|Any CPU.Build.0 = Release|Any CPU
	EndGlobalSection
	GlobalSection(SolutionProperties) = preSolution
		HideSolutionNode = FALSE
	EndGlobalSection
	GlobalSection(ExtensibilityGlobals) = postSolution
		SolutionGuid = {4FE168F7-BCAC-4F93-A40D-5A4F7F7E951C}
	EndGlobalSection
EndGlobal
