
Microsoft Visual Studio Solution File, Format Version 12.00
# Visual Studio Version 17
VisualStudioVersion = 17.4.33122.133
MinimumVisualStudioVersion = 10.0.40219.1
Project("{9A19103F-16F7-4668-BE54-9A1E7A4F7556}") = "Lesson16.Classwork", "Lesson16.Classwork\Lesson16.Classwork.csproj", "{D5614437-AAFB-4FC8-BFFC-63485AE98D31}"
EndProject
Project("{FAE04EC0-301F-11D3-BF4B-00C04F79EFBC}") = "Lesson16.Homework", "Lesson16.Homework\Lesson16.Homework.csproj", "{A28B960C-03A2-4F22-982E-8AC40331D52E}"
EndProject
Global
	GlobalSection(SolutionConfigurationPlatforms) = preSolution
		Debug|Any CPU = Debug|Any CPU
		Release|Any CPU = Release|Any CPU
	EndGlobalSection
	GlobalSection(ProjectConfigurationPlatforms) = postSolution
		{D5614437-AAFB-4FC8-BFFC-63485AE98D31}.Debug|Any CPU.ActiveCfg = Debug|Any CPU
		{D5614437-AAFB-4FC8-BFFC-63485AE98D31}.Debug|Any CPU.Build.0 = Debug|Any CPU
		{D5614437-AAFB-4FC8-BFFC-63485AE98D31}.Release|Any CPU.ActiveCfg = Release|Any CPU
		{D5614437-AAFB-4FC8-BFFC-63485AE98D31}.Release|Any CPU.Build.0 = Release|Any CPU
		{A28B960C-03A2-4F22-982E-8AC40331D52E}.Debug|Any CPU.ActiveCfg = Debug|Any CPU
		{A28B960C-03A2-4F22-982E-8AC40331D52E}.Debug|Any CPU.Build.0 = Debug|Any CPU
		{A28B960C-03A2-4F22-982E-8AC40331D52E}.Release|Any CPU.ActiveCfg = Release|Any CPU
		{A28B960C-03A2-4F22-982E-8AC40331D52E}.Release|Any CPU.Build.0 = Release|Any CPU
	EndGlobalSection
	GlobalSection(SolutionProperties) = preSolution
		HideSolutionNode = FALSE
	EndGlobalSection
	GlobalSection(ExtensibilityGlobals) = postSolution
		SolutionGuid = {A467FD9C-B218-4A8F-A8DC-32C71947F84A}
	EndGlobalSection
EndGlobal
