
Microsoft Visual Studio Solution File, Format Version 12.00
# Visual Studio Version 17
VisualStudioVersion = 17.4.33122.133
MinimumVisualStudioVersion = 10.0.40219.1
Project("{FAE04EC0-301F-11D3-BF4B-00C04F79EFBC}") = "Lesson16.ClassWork", "Lesson16.ClassWork\Lesson16.ClassWork.csproj", "{47091B04-D4AB-402A-8220-0354D7E73215}"
EndProject
Project("{FAE04EC0-301F-11D3-BF4B-00C04F79EFBC}") = "Lesson16.HomeWork", "Lesson16.HomeWork\Lesson16.HomeWork.csproj", "{C6F00EED-4EE6-478F-86D5-E97EC4B159D8}"
EndProject
Global
	GlobalSection(SolutionConfigurationPlatforms) = preSolution
		Debug|Any CPU = Debug|Any CPU
		Release|Any CPU = Release|Any CPU
	EndGlobalSection
	GlobalSection(ProjectConfigurationPlatforms) = postSolution
		{47091B04-D4AB-402A-8220-0354D7E73215}.Debug|Any CPU.ActiveCfg = Debug|Any CPU
		{47091B04-D4AB-402A-8220-0354D7E73215}.Debug|Any CPU.Build.0 = Debug|Any CPU
		{47091B04-D4AB-402A-8220-0354D7E73215}.Release|Any CPU.ActiveCfg = Release|Any CPU
		{47091B04-D4AB-402A-8220-0354D7E73215}.Release|Any CPU.Build.0 = Release|Any CPU
		{C6F00EED-4EE6-478F-86D5-E97EC4B159D8}.Debug|Any CPU.ActiveCfg = Debug|Any CPU
		{C6F00EED-4EE6-478F-86D5-E97EC4B159D8}.Debug|Any CPU.Build.0 = Debug|Any CPU
		{C6F00EED-4EE6-478F-86D5-E97EC4B159D8}.Release|Any CPU.ActiveCfg = Release|Any CPU
		{C6F00EED-4EE6-478F-86D5-E97EC4B159D8}.Release|Any CPU.Build.0 = Release|Any CPU
	EndGlobalSection
	GlobalSection(SolutionProperties) = preSolution
		HideSolutionNode = FALSE
	EndGlobalSection
	GlobalSection(ExtensibilityGlobals) = postSolution
		SolutionGuid = {EE1A2130-0DF1-4CBC-BF80-201940B8E2E8}
	EndGlobalSection
EndGlobal
