
Microsoft Visual Studio Solution File, Format Version 12.00
# Visual Studio Version 17
VisualStudioVersion = 17.4.33122.133
MinimumVisualStudioVersion = 10.0.40219.1
Project("{9A19103F-16F7-4668-BE54-9A1E7A4F7556}") = "Calendar.DAL", "Calendar.DAL\Calendar.DAL.csproj", "{7169BE2C-2CA5-4A07-A524-5A24ACBD7F16}"
EndProject
Project("{9A19103F-16F7-4668-BE54-9A1E7A4F7556}") = "Calendar.Contracts", "Calendar.Contracts\Calendar.Contracts.csproj", "{F573F5A4-1420-4BDD-8E28-4DFEC83EBC2F}"
EndProject
Project("{9A19103F-16F7-4668-BE54-9A1E7A4F7556}") = "Calendar.ConsoleApp", "Calendar.ConsoleApp\Calendar.ConsoleApp.csproj", "{7800AC52-1C59-49DB-B4E9-0BBCD0EF2FED}"
EndProject
Project("{9A19103F-16F7-4668-BE54-9A1E7A4F7556}") = "Calendar.BLL", "Calendar.BLL\Calendar.BLL.csproj", "{BF1CF0BB-1759-42E4-A723-5C3227267FAB}"
EndProject
Global
	GlobalSection(SolutionConfigurationPlatforms) = preSolution
		Debug|Any CPU = Debug|Any CPU
		Release|Any CPU = Release|Any CPU
	EndGlobalSection
	GlobalSection(ProjectConfigurationPlatforms) = postSolution
		{7169BE2C-2CA5-4A07-A524-5A24ACBD7F16}.Debug|Any CPU.ActiveCfg = Debug|Any CPU
		{7169BE2C-2CA5-4A07-A524-5A24ACBD7F16}.Debug|Any CPU.Build.0 = Debug|Any CPU
		{7169BE2C-2CA5-4A07-A524-5A24ACBD7F16}.Release|Any CPU.ActiveCfg = Release|Any CPU
		{7169BE2C-2CA5-4A07-A524-5A24ACBD7F16}.Release|Any CPU.Build.0 = Release|Any CPU
		{F573F5A4-1420-4BDD-8E28-4DFEC83EBC2F}.Debug|Any CPU.ActiveCfg = Debug|Any CPU
		{F573F5A4-1420-4BDD-8E28-4DFEC83EBC2F}.Debug|Any CPU.Build.0 = Debug|Any CPU
		{F573F5A4-1420-4BDD-8E28-4DFEC83EBC2F}.Release|Any CPU.ActiveCfg = Release|Any CPU
		{F573F5A4-1420-4BDD-8E28-4DFEC83EBC2F}.Release|Any CPU.Build.0 = Release|Any CPU
		{7800AC52-1C59-49DB-B4E9-0BBCD0EF2FED}.Debug|Any CPU.ActiveCfg = Debug|Any CPU
		{7800AC52-1C59-49DB-B4E9-0BBCD0EF2FED}.Debug|Any CPU.Build.0 = Debug|Any CPU
		{7800AC52-1C59-49DB-B4E9-0BBCD0EF2FED}.Release|Any CPU.ActiveCfg = Release|Any CPU
		{7800AC52-1C59-49DB-B4E9-0BBCD0EF2FED}.Release|Any CPU.Build.0 = Release|Any CPU
		{BF1CF0BB-1759-42E4-A723-5C3227267FAB}.Debug|Any CPU.ActiveCfg = Debug|Any CPU
		{BF1CF0BB-1759-42E4-A723-5C3227267FAB}.Debug|Any CPU.Build.0 = Debug|Any CPU
		{BF1CF0BB-1759-42E4-A723-5C3227267FAB}.Release|Any CPU.ActiveCfg = Release|Any CPU
		{BF1CF0BB-1759-42E4-A723-5C3227267FAB}.Release|Any CPU.Build.0 = Release|Any CPU
	EndGlobalSection
	GlobalSection(SolutionProperties) = preSolution
		HideSolutionNode = FALSE
	EndGlobalSection
	GlobalSection(ExtensibilityGlobals) = postSolution
		SolutionGuid = {FE3D2E5C-37FD-4D9F-868F-69C3220766BA}
	EndGlobalSection
EndGlobal
