
Microsoft Visual Studio Solution File, Format Version 12.00
# Visual Studio Version 17
VisualStudioVersion = 17.4.33122.133
MinimumVisualStudioVersion = 10.0.40219.1
Project("{FAE04EC0-301F-11D3-BF4B-00C04F79EFBC}") = "Lesson 2 - Classwork", "Lesson 2 - Classwork.csproj", "{B41E69AA-59DD-4CE0-8664-72A901BA6392}"
EndProject
Global
	GlobalSection(SolutionConfigurationPlatforms) = preSolution
		Debug|Any CPU = Debug|Any CPU
		Release|Any CPU = Release|Any CPU
	EndGlobalSection
	GlobalSection(ProjectConfigurationPlatforms) = postSolution
		{B41E69AA-59DD-4CE0-8664-72A901BA6392}.Debug|Any CPU.ActiveCfg = Debug|Any CPU
		{B41E69AA-59DD-4CE0-8664-72A901BA6392}.Debug|Any CPU.Build.0 = Debug|Any CPU
		{B41E69AA-59DD-4CE0-8664-72A901BA6392}.Release|Any CPU.ActiveCfg = Release|Any CPU
		{B41E69AA-59DD-4CE0-8664-72A901BA6392}.Release|Any CPU.Build.0 = Release|Any CPU
	EndGlobalSection
	GlobalSection(SolutionProperties) = preSolution
		HideSolutionNode = FALSE
	EndGlobalSection
	GlobalSection(ExtensibilityGlobals) = postSolution
		SolutionGuid = {4256C586-0C6E-4B75-A7E9-7D59F67B3BAD}
	EndGlobalSection
EndGlobal
