
Microsoft Visual Studio Solution File, Format Version 12.00
# Visual Studio Version 17
VisualStudioVersion = 17.4.33122.133
MinimumVisualStudioVersion = 10.0.40219.1
Project("{FAE04EC0-301F-11D3-BF4B-00C04F79EFBC}") = "HomeWork_7", "HomeWork_7.csproj", "{523B8CE2-C981-4A5C-BF7A-05E0502A0C1F}"
EndProject
Global
	GlobalSection(SolutionConfigurationPlatforms) = preSolution
		Debug|Any CPU = Debug|Any CPU
		Release|Any CPU = Release|Any CPU
	EndGlobalSection
	GlobalSection(ProjectConfigurationPlatforms) = postSolution
		{523B8CE2-C981-4A5C-BF7A-05E0502A0C1F}.Debug|Any CPU.ActiveCfg = Debug|Any CPU
		{523B8CE2-C981-4A5C-BF7A-05E0502A0C1F}.Debug|Any CPU.Build.0 = Debug|Any CPU
		{523B8CE2-C981-4A5C-BF7A-05E0502A0C1F}.Release|Any CPU.ActiveCfg = Release|Any CPU
		{523B8CE2-C981-4A5C-BF7A-05E0502A0C1F}.Release|Any CPU.Build.0 = Release|Any CPU
	EndGlobalSection
	GlobalSection(SolutionProperties) = preSolution
		HideSolutionNode = FALSE
	EndGlobalSection
	GlobalSection(ExtensibilityGlobals) = postSolution
		SolutionGuid = {8E5FD98C-D6D2-479E-A62E-92FD52E4FE0C}
	EndGlobalSection
EndGlobal
