
Microsoft Visual Studio Solution File, Format Version 12.00
# Visual Studio Version 16
VisualStudioVersion = 25.0.1704.0
MinimumVisualStudioVersion = 10.0.40219.1
Project("{FAE04EC0-301F-11D3-BF4B-00C04F79EFBC}") = "Lesson8", "Lesson8.csproj", "{AEFB416C-E123-4B2E-8E7F-8BC7CB0A6F2D}"
EndProject
Global
	GlobalSection(SolutionConfigurationPlatforms) = preSolution
		Debug|Any CPU = Debug|Any CPU
		Release|Any CPU = Release|Any CPU
	EndGlobalSection
	GlobalSection(ProjectConfigurationPlatforms) = postSolution
		{AEFB416C-E123-4B2E-8E7F-8BC7CB0A6F2D}.Debug|Any CPU.ActiveCfg = Debug|Any CPU
		{AEFB416C-E123-4B2E-8E7F-8BC7CB0A6F2D}.Debug|Any CPU.Build.0 = Debug|Any CPU
		{AEFB416C-E123-4B2E-8E7F-8BC7CB0A6F2D}.Release|Any CPU.ActiveCfg = Release|Any CPU
		{AEFB416C-E123-4B2E-8E7F-8BC7CB0A6F2D}.Release|Any CPU.Build.0 = Release|Any CPU
	EndGlobalSection
	GlobalSection(SolutionProperties) = preSolution
		HideSolutionNode = FALSE
	EndGlobalSection
	GlobalSection(ExtensibilityGlobals) = postSolution
		SolutionGuid = {A3D38E2D-8EDD-457A-9B7E-B3E85055E69A}
	EndGlobalSection
EndGlobal
