
Microsoft Visual Studio Solution File, Format Version 12.00
# Visual Studio Version 17
VisualStudioVersion = 17.4.33122.133
MinimumVisualStudioVersion = 10.0.40219.1
Project("{FAE04EC0-301F-11D3-BF4B-00C04F79EFBC}") = "Homework 4", "Homework 4\Homework 4.csproj", "{C3F36F58-EE0C-42FA-ADD2-6655305BD86C}"
EndProject
Global
	GlobalSection(SolutionConfigurationPlatforms) = preSolution
		Debug|Any CPU = Debug|Any CPU
		Release|Any CPU = Release|Any CPU
	EndGlobalSection
	GlobalSection(ProjectConfigurationPlatforms) = postSolution
		{C3F36F58-EE0C-42FA-ADD2-6655305BD86C}.Debug|Any CPU.ActiveCfg = Debug|Any CPU
		{C3F36F58-EE0C-42FA-ADD2-6655305BD86C}.Debug|Any CPU.Build.0 = Debug|Any CPU
		{C3F36F58-EE0C-42FA-ADD2-6655305BD86C}.Release|Any CPU.ActiveCfg = Release|Any CPU
		{C3F36F58-EE0C-42FA-ADD2-6655305BD86C}.Release|Any CPU.Build.0 = Release|Any CPU
	EndGlobalSection
	GlobalSection(SolutionProperties) = preSolution
		HideSolutionNode = FALSE
	EndGlobalSection
	GlobalSection(ExtensibilityGlobals) = postSolution
		SolutionGuid = {69B953D0-3809-4D5B-9069-F8C7265941A4}
	EndGlobalSection
EndGlobal
