
Microsoft Visual Studio Solution File, Format Version 12.00
# Visual Studio Version 17
VisualStudioVersion = 17.4.33122.133
MinimumVisualStudioVersion = 10.0.40219.1
Project("{FAE04EC0-301F-11D3-BF4B-00C04F79EFBC}") = "Lesson12.Classwork", "Lesson12.Classwork.csproj", "{5154FD90-7462-4120-AED3-FA3A2E81869B}"
EndProject
Global
	GlobalSection(SolutionConfigurationPlatforms) = preSolution
		Debug|Any CPU = Debug|Any CPU
		Release|Any CPU = Release|Any CPU
	EndGlobalSection
	GlobalSection(ProjectConfigurationPlatforms) = postSolution
		{5154FD90-7462-4120-AED3-FA3A2E81869B}.Debug|Any CPU.ActiveCfg = Debug|Any CPU
		{5154FD90-7462-4120-AED3-FA3A2E81869B}.Debug|Any CPU.Build.0 = Debug|Any CPU
		{5154FD90-7462-4120-AED3-FA3A2E81869B}.Release|Any CPU.ActiveCfg = Release|Any CPU
		{5154FD90-7462-4120-AED3-FA3A2E81869B}.Release|Any CPU.Build.0 = Release|Any CPU
	EndGlobalSection
	GlobalSection(SolutionProperties) = preSolution
		HideSolutionNode = FALSE
	EndGlobalSection
	GlobalSection(ExtensibilityGlobals) = postSolution
		SolutionGuid = {63CAFC77-8185-4FA5-B086-6C50E2E404AE}
	EndGlobalSection
EndGlobal
