
Microsoft Visual Studio Solution File, Format Version 12.00
# Visual Studio Version 17
VisualStudioVersion = 17.4.33122.133
MinimumVisualStudioVersion = 10.0.40219.1
Project("{9A19103F-16F7-4668-BE54-9A1E7A4F7556}") = "Lesson_10.Classwork", "Lesson_10.Classwork\Lesson_10.Classwork.csproj", "{07C4C416-8B21-4C13-8C6C-27F61246A7A5}"
EndProject
Project("{FAE04EC0-301F-11D3-BF4B-00C04F79EFBC}") = "Lesson_10.Classwork_2", "Lesson_10.Classwork_2\Lesson_10.Classwork_2.csproj", "{1AA87E9F-B8FB-4C44-AFFF-35333C29B962}"
EndProject
Project("{FAE04EC0-301F-11D3-BF4B-00C04F79EFBC}") = "Lesson_10.Homework", "Lesson_10.Homework\Lesson_10.Homework.csproj", "{5CB8B11E-FCBF-4C44-A3E7-F84DE4145D7A}"
EndProject
Global
	GlobalSection(SolutionConfigurationPlatforms) = preSolution
		Debug|Any CPU = Debug|Any CPU
		Release|Any CPU = Release|Any CPU
	EndGlobalSection
	GlobalSection(ProjectConfigurationPlatforms) = postSolution
		{07C4C416-8B21-4C13-8C6C-27F61246A7A5}.Debug|Any CPU.ActiveCfg = Debug|Any CPU
		{07C4C416-8B21-4C13-8C6C-27F61246A7A5}.Debug|Any CPU.Build.0 = Debug|Any CPU
		{07C4C416-8B21-4C13-8C6C-27F61246A7A5}.Release|Any CPU.ActiveCfg = Release|Any CPU
		{07C4C416-8B21-4C13-8C6C-27F61246A7A5}.Release|Any CPU.Build.0 = Release|Any CPU
		{1AA87E9F-B8FB-4C44-AFFF-35333C29B962}.Debug|Any CPU.ActiveCfg = Debug|Any CPU
		{1AA87E9F-B8FB-4C44-AFFF-35333C29B962}.Debug|Any CPU.Build.0 = Debug|Any CPU
		{1AA87E9F-B8FB-4C44-AFFF-35333C29B962}.Release|Any CPU.ActiveCfg = Release|Any CPU
		{1AA87E9F-B8FB-4C44-AFFF-35333C29B962}.Release|Any CPU.Build.0 = Release|Any CPU
		{5CB8B11E-FCBF-4C44-A3E7-F84DE4145D7A}.Debug|Any CPU.ActiveCfg = Debug|Any CPU
		{5CB8B11E-FCBF-4C44-A3E7-F84DE4145D7A}.Debug|Any CPU.Build.0 = Debug|Any CPU
		{5CB8B11E-FCBF-4C44-A3E7-F84DE4145D7A}.Release|Any CPU.ActiveCfg = Release|Any CPU
		{5CB8B11E-FCBF-4C44-A3E7-F84DE4145D7A}.Release|Any CPU.Build.0 = Release|Any CPU
	EndGlobalSection
	GlobalSection(SolutionProperties) = preSolution
		HideSolutionNode = FALSE
	EndGlobalSection
	GlobalSection(ExtensibilityGlobals) = postSolution
		SolutionGuid = {DA582DF8-56A2-4AC7-B89F-A241891A142A}
	EndGlobalSection
EndGlobal
