
Microsoft Visual Studio Solution File, Format Version 12.00
# Visual Studio Version 17
VisualStudioVersion = 17.4.33122.133
MinimumVisualStudioVersion = 10.0.40219.1
Project("{FAE04EC0-301F-11D3-BF4B-00C04F79EFBC}") = "Lesson_20.Homework", "Lesson_20.Homework\Lesson_20.Homework.csproj", "{F336D690-1F40-49FD-81C3-8929C1F31487}"
EndProject
Global
	GlobalSection(SolutionConfigurationPlatforms) = preSolution
		Debug|Any CPU = Debug|Any CPU
		Release|Any CPU = Release|Any CPU
	EndGlobalSection
	GlobalSection(ProjectConfigurationPlatforms) = postSolution
		{F336D690-1F40-49FD-81C3-8929C1F31487}.Debug|Any CPU.ActiveCfg = Debug|Any CPU
		{F336D690-1F40-49FD-81C3-8929C1F31487}.Debug|Any CPU.Build.0 = Debug|Any CPU
		{F336D690-1F40-49FD-81C3-8929C1F31487}.Release|Any CPU.ActiveCfg = Release|Any CPU
		{F336D690-1F40-49FD-81C3-8929C1F31487}.Release|Any CPU.Build.0 = Release|Any CPU
	EndGlobalSection
	GlobalSection(SolutionProperties) = preSolution
		HideSolutionNode = FALSE
	EndGlobalSection
	GlobalSection(ExtensibilityGlobals) = postSolution
		SolutionGuid = {FD400270-75CA-4F57-B0C1-F7794BF99DB3}
	EndGlobalSection
EndGlobal
