
Microsoft Visual Studio Solution File, Format Version 12.00
# Visual Studio Version 17
VisualStudioVersion = 17.4.33122.133
MinimumVisualStudioVersion = 10.0.40219.1
Project("{FAE04EC0-301F-11D3-BF4B-00C04F79EFBC}") = "Lesson_6.Classwork", "Lesson_6.Classwork\Lesson_6.Classwork.csproj", "{16EFF126-1C4A-4315-840A-291C64E2820A}"
EndProject
Project("{FAE04EC0-301F-11D3-BF4B-00C04F79EFBC}") = "Lesson_6.Homework", "Lesson_6.Homework\Lesson_6.Homework.csproj", "{7629A6AF-9D5F-42E7-875C-6615B9AE8F67}"
EndProject
Global
	GlobalSection(SolutionConfigurationPlatforms) = preSolution
		Debug|Any CPU = Debug|Any CPU
		Release|Any CPU = Release|Any CPU
	EndGlobalSection
	GlobalSection(ProjectConfigurationPlatforms) = postSolution
		{16EFF126-1C4A-4315-840A-291C64E2820A}.Debug|Any CPU.ActiveCfg = Debug|Any CPU
		{16EFF126-1C4A-4315-840A-291C64E2820A}.Debug|Any CPU.Build.0 = Debug|Any CPU
		{16EFF126-1C4A-4315-840A-291C64E2820A}.Release|Any CPU.ActiveCfg = Release|Any CPU
		{16EFF126-1C4A-4315-840A-291C64E2820A}.Release|Any CPU.Build.0 = Release|Any CPU
		{7629A6AF-9D5F-42E7-875C-6615B9AE8F67}.Debug|Any CPU.ActiveCfg = Debug|Any CPU
		{7629A6AF-9D5F-42E7-875C-6615B9AE8F67}.Debug|Any CPU.Build.0 = Debug|Any CPU
		{7629A6AF-9D5F-42E7-875C-6615B9AE8F67}.Release|Any CPU.ActiveCfg = Release|Any CPU
		{7629A6AF-9D5F-42E7-875C-6615B9AE8F67}.Release|Any CPU.Build.0 = Release|Any CPU
	EndGlobalSection
	GlobalSection(SolutionProperties) = preSolution
		HideSolutionNode = FALSE
	EndGlobalSection
	GlobalSection(ExtensibilityGlobals) = postSolution
		SolutionGuid = {C138D754-1CF3-4D58-9133-A4CE5D3B5ED7}
	EndGlobalSection
EndGlobal
