
Microsoft Visual Studio Solution File, Format Version 12.00
# Visual Studio Version 17
VisualStudioVersion = 17.4.33122.133
MinimumVisualStudioVersion = 10.0.40219.1
Project("{FAE04EC0-301F-11D3-BF4B-00C04F79EFBC}") = "Homework lesson 4", "Homework lesson 4.csproj", "{49A094E7-61C8-4FB8-A5FF-C256D8516C97}"
EndProject
Global
	GlobalSection(SolutionConfigurationPlatforms) = preSolution
		Debug|Any CPU = Debug|Any CPU
		Release|Any CPU = Release|Any CPU
	EndGlobalSection
	GlobalSection(ProjectConfigurationPlatforms) = postSolution
		{49A094E7-61C8-4FB8-A5FF-C256D8516C97}.Debug|Any CPU.ActiveCfg = Debug|Any CPU
		{49A094E7-61C8-4FB8-A5FF-C256D8516C97}.Debug|Any CPU.Build.0 = Debug|Any CPU
		{49A094E7-61C8-4FB8-A5FF-C256D8516C97}.Release|Any CPU.ActiveCfg = Release|Any CPU
		{49A094E7-61C8-4FB8-A5FF-C256D8516C97}.Release|Any CPU.Build.0 = Release|Any CPU
	EndGlobalSection
	GlobalSection(SolutionProperties) = preSolution
		HideSolutionNode = FALSE
	EndGlobalSection
	GlobalSection(ExtensibilityGlobals) = postSolution
		SolutionGuid = {CE33DB1B-FEE2-4FA7-B3A7-B5A6908C55C6}
	EndGlobalSection
EndGlobal
