
Microsoft Visual Studio Solution File, Format Version 12.00
# Visual Studio Version 17
VisualStudioVersion = 17.4.33122.133
MinimumVisualStudioVersion = 10.0.40219.1
Project("{9A19103F-16F7-4668-BE54-9A1E7A4F7556}") = "Main_Task", "Main_Task\Main_Task.csproj", "{AB3C5F30-F0EF-4601-8632-AC94A8EE7E73}"
EndProject
Project("{FAE04EC0-301F-11D3-BF4B-00C04F79EFBC}") = "ForFun", "ForFun\ForFun.csproj", "{0A04B854-A603-4A2D-807A-01D65440E370}"
EndProject
Global
	GlobalSection(SolutionConfigurationPlatforms) = preSolution
		Debug|Any CPU = Debug|Any CPU
		Release|Any CPU = Release|Any CPU
	EndGlobalSection
	GlobalSection(ProjectConfigurationPlatforms) = postSolution
		{AB3C5F30-F0EF-4601-8632-AC94A8EE7E73}.Debug|Any CPU.ActiveCfg = Debug|Any CPU
		{AB3C5F30-F0EF-4601-8632-AC94A8EE7E73}.Debug|Any CPU.Build.0 = Debug|Any CPU
		{AB3C5F30-F0EF-4601-8632-AC94A8EE7E73}.Release|Any CPU.ActiveCfg = Release|Any CPU
		{AB3C5F30-F0EF-4601-8632-AC94A8EE7E73}.Release|Any CPU.Build.0 = Release|Any CPU
		{0A04B854-A603-4A2D-807A-01D65440E370}.Debug|Any CPU.ActiveCfg = Debug|Any CPU
		{0A04B854-A603-4A2D-807A-01D65440E370}.Debug|Any CPU.Build.0 = Debug|Any CPU
		{0A04B854-A603-4A2D-807A-01D65440E370}.Release|Any CPU.ActiveCfg = Release|Any CPU
		{0A04B854-A603-4A2D-807A-01D65440E370}.Release|Any CPU.Build.0 = Release|Any CPU
	EndGlobalSection
	GlobalSection(SolutionProperties) = preSolution
		HideSolutionNode = FALSE
	EndGlobalSection
	GlobalSection(ExtensibilityGlobals) = postSolution
		SolutionGuid = {EFAF913F-82CF-426F-AE9C-25B72304D549}
	EndGlobalSection
EndGlobal
