
Microsoft Visual Studio Solution File, Format Version 12.00
# Visual Studio Version 17
VisualStudioVersion = 17.4.33122.133
MinimumVisualStudioVersion = 10.0.40219.1
Project("{FAE04EC0-301F-11D3-BF4B-00C04F79EFBC}") = "Lesson_8.Classwork", "Lesson_8.Classwork\Lesson_8.Classwork.csproj", "{1973A262-BF36-44CD-83F0-5B8BEACC2BD6}"
EndProject
Global
	GlobalSection(SolutionConfigurationPlatforms) = preSolution
		Debug|Any CPU = Debug|Any CPU
		Release|Any CPU = Release|Any CPU
	EndGlobalSection
	GlobalSection(ProjectConfigurationPlatforms) = postSolution
		{1973A262-BF36-44CD-83F0-5B8BEACC2BD6}.Debug|Any CPU.ActiveCfg = Debug|Any CPU
		{1973A262-BF36-44CD-83F0-5B8BEACC2BD6}.Debug|Any CPU.Build.0 = Debug|Any CPU
		{1973A262-BF36-44CD-83F0-5B8BEACC2BD6}.Release|Any CPU.ActiveCfg = Release|Any CPU
		{1973A262-BF36-44CD-83F0-5B8BEACC2BD6}.Release|Any CPU.Build.0 = Release|Any CPU
	EndGlobalSection
	GlobalSection(SolutionProperties) = preSolution
		HideSolutionNode = FALSE
	EndGlobalSection
	GlobalSection(ExtensibilityGlobals) = postSolution
		SolutionGuid = {44556B48-5A27-4C63-B2D7-0CDE1E5E4C7C}
	EndGlobalSection
EndGlobal
