
Microsoft Visual Studio Solution File, Format Version 12.00
# Visual Studio Version 16
VisualStudioVersion = 16.0.32413.511
MinimumVisualStudioVersion = 10.0.40219.1
Project("{FAE04EC0-301F-11D3-BF4B-00C04F79EFBC}") = "Homework5", "Homework5.csproj", "{389195FB-9B0C-4E0F-814D-9B3E00CE2A46}"
EndProject
Global
	GlobalSection(SolutionConfigurationPlatforms) = preSolution
		Debug|Any CPU = Debug|Any CPU
		Release|Any CPU = Release|Any CPU
	EndGlobalSection
	GlobalSection(ProjectConfigurationPlatforms) = postSolution
		{389195FB-9B0C-4E0F-814D-9B3E00CE2A46}.Debug|Any CPU.ActiveCfg = Debug|Any CPU
		{389195FB-9B0C-4E0F-814D-9B3E00CE2A46}.Debug|Any CPU.Build.0 = Debug|Any CPU
		{389195FB-9B0C-4E0F-814D-9B3E00CE2A46}.Release|Any CPU.ActiveCfg = Release|Any CPU
		{389195FB-9B0C-4E0F-814D-9B3E00CE2A46}.Release|Any CPU.Build.0 = Release|Any CPU
	EndGlobalSection
	GlobalSection(SolutionProperties) = preSolution
		HideSolutionNode = FALSE
	EndGlobalSection
	GlobalSection(ExtensibilityGlobals) = postSolution
		SolutionGuid = {585D773F-B399-4821-8D5A-247113D83768}
	EndGlobalSection
EndGlobal
