
Microsoft Visual Studio Solution File, Format Version 12.00
# Visual Studio Version 17
VisualStudioVersion = 17.2.32630.192
MinimumVisualStudioVersion = 10.0.40219.1
Project("{FAE04EC0-301F-11D3-BF4B-00C04F79EFBC}") = "Lesson7.Classwork", "Lesson7.Classwork\Lesson7.Classwork.csproj", "{6118E3DE-1141-40BF-B076-41283753E733}"
EndProject
Global
	GlobalSection(SolutionConfigurationPlatforms) = preSolution
		Debug|Any CPU = Debug|Any CPU
		Release|Any CPU = Release|Any CPU
	EndGlobalSection
	GlobalSection(ProjectConfigurationPlatforms) = postSolution
		{6118E3DE-1141-40BF-B076-41283753E733}.Debug|Any CPU.ActiveCfg = Debug|Any CPU
		{6118E3DE-1141-40BF-B076-41283753E733}.Debug|Any CPU.Build.0 = Debug|Any CPU
		{6118E3DE-1141-40BF-B076-41283753E733}.Release|Any CPU.ActiveCfg = Release|Any CPU
		{6118E3DE-1141-40BF-B076-41283753E733}.Release|Any CPU.Build.0 = Release|Any CPU
	EndGlobalSection
	GlobalSection(SolutionProperties) = preSolution
		HideSolutionNode = FALSE
	EndGlobalSection
	GlobalSection(ExtensibilityGlobals) = postSolution
		SolutionGuid = {737D55F1-42F3-494B-B153-B65555B3B834}
	EndGlobalSection
EndGlobal
